PODS:
  - Alamofire (5.0.2)
  - ImageLoader (0.15.0)
  - SwipeMenuViewController (4.0.0)

DEPENDENCIES:
  - Alamofire (~> 5.0.0-rc.2)
  - ImageLoader
  - SwipeMenuViewController

SPEC REPOS:
  trunk:
    - Alamofire
    - ImageLoader
    - SwipeMenuViewController

SPEC CHECKSUMS:
  Alamofire: 3ba7a4db18b4f62c4a1c0e1cb39d7f3d52e10ada
  ImageLoader: e0635d52020d64dc7687e3a3b14dc53212ac0442
  SwipeMenuViewController: c2c1f9b62022ce6b904b2553f0fa340c9008becd

PODFILE CHECKSUM: 6e0280294b99809632ebc9041e64f9cb36fbb1cf

COCOAPODS: 1.8.4
