// !$*UTF8*$!
{
	archiveVersion = 1;
	classes = {
	};
	objectVersion = 55;
	objects = {

/* Begin PBXBuildFile section */
		93D8687927CE318C00F0F948 /* TitleLabel.swift in Sources */ = {isa = PBXBuildFile; fileRef = 93D8687827CE318C00F0F948 /* TitleLabel.swift */; };
		93D8687E27CE567000F0F948 /* DetailsViewController.swift in Sources */ = {isa = PBXBuildFile; fileRef = 93D8687D27CE567000F0F948 /* DetailsViewController.swift */; };
		93D8688027CE570200F0F948 /* DetailsViewModel.swift in Sources */ = {isa = PBXBuildFile; fileRef = 93D8687F27CE570200F0F948 /* DetailsViewModel.swift */; };
		93D8688227CE5D3800F0F948 /* SubtitleLabel.swift in Sources */ = {isa = PBXBuildFile; fileRef = 93D8688127CE5D3800F0F948 /* SubtitleLabel.swift */; };
		93D8688627CE5E9200F0F948 /* UIView+Extensions.swift in Sources */ = {isa = PBXBuildFile; fileRef = 93D8688527CE5E9200F0F948 /* UIView+Extensions.swift */; };
		93D8688827CE6C0600F0F948 /* BodyLabel.swift in Sources */ = {isa = PBXBuildFile; fileRef = 93D8688727CE6C0600F0F948 /* BodyLabel.swift */; };
		93D8688B27CE6EFE00F0F948 /* PrimaryButton.swift in Sources */ = {isa = PBXBuildFile; fileRef = 93D8688A27CE6EFE00F0F948 /* PrimaryButton.swift */; };
		93D8688E27CE979F00F0F948 /* PersistenceManager.swift in Sources */ = {isa = PBXBuildFile; fileRef = 93D8688D27CE979F00F0F948 /* PersistenceManager.swift */; };
		93D8689227CE9F1C00F0F948 /* DataLoadingViewController.swift in Sources */ = {isa = PBXBuildFile; fileRef = 93D8689127CE9F1C00F0F948 /* DataLoadingViewController.swift */; };
		93D8689527CEA05100F0F948 /* FavoritesViewModel.swift in Sources */ = {isa = PBXBuildFile; fileRef = 93D8689427CEA05100F0F948 /* FavoritesViewModel.swift */; };
		93D8689927CF140D00F0F948 /* HomeViewModelTests.swift in Sources */ = {isa = PBXBuildFile; fileRef = 93D8689827CF140D00F0F948 /* HomeViewModelTests.swift */; };
		93D8689C27CF14D500F0F948 /* MovieList+Fixtures.swift in Sources */ = {isa = PBXBuildFile; fileRef = 93D8689B27CF14D500F0F948 /* MovieList+Fixtures.swift */; };
		93D868A027CFA33A00F0F948 /* NetworkServiceSpy.swift in Sources */ = {isa = PBXBuildFile; fileRef = 93D8689F27CFA33A00F0F948 /* NetworkServiceSpy.swift */; };
		93ED840527C5BC8D00A89AFF /* AppDelegate.swift in Sources */ = {isa = PBXBuildFile; fileRef = 93ED840427C5BC8D00A89AFF /* AppDelegate.swift */; };
		93ED840727C5BC8D00A89AFF /* SceneDelegate.swift in Sources */ = {isa = PBXBuildFile; fileRef = 93ED840627C5BC8D00A89AFF /* SceneDelegate.swift */; };
		93ED840E27C5BC9000A89AFF /* Assets.xcassets in Resources */ = {isa = PBXBuildFile; fileRef = 93ED840D27C5BC9000A89AFF /* Assets.xcassets */; };
		93ED841127C5BC9000A89AFF /* LaunchScreen.storyboard in Resources */ = {isa = PBXBuildFile; fileRef = 93ED840F27C5BC9000A89AFF /* LaunchScreen.storyboard */; };
		93ED843627C5C09900A89AFF /* NetworkManager.swift in Sources */ = {isa = PBXBuildFile; fileRef = 93ED843527C5C09900A89AFF /* NetworkManager.swift */; };
		93ED843827C5C4E800A89AFF /* NetworkService.swift in Sources */ = {isa = PBXBuildFile; fileRef = 93ED843727C5C4E800A89AFF /* NetworkService.swift */; };
		93ED843B27C5C5C300A89AFF /* Movie.swift in Sources */ = {isa = PBXBuildFile; fileRef = 93ED843A27C5C5C300A89AFF /* Movie.swift */; };
		93ED844027C5CCBE00A89AFF /* AppTabBarController.swift in Sources */ = {isa = PBXBuildFile; fileRef = 93ED843F27C5CCBE00A89AFF /* AppTabBarController.swift */; };
		93ED844327C5CD6400A89AFF /* HomeViewController.swift in Sources */ = {isa = PBXBuildFile; fileRef = 93ED844227C5CD6400A89AFF /* HomeViewController.swift */; };
		93ED844727C5CD9700A89AFF /* FavoritesViewController.swift in Sources */ = {isa = PBXBuildFile; fileRef = 93ED844627C5CD9700A89AFF /* FavoritesViewController.swift */; };
		93ED844A27C5D26D00A89AFF /* HomeViewModel.swift in Sources */ = {isa = PBXBuildFile; fileRef = 93ED844927C5D26D00A89AFF /* HomeViewModel.swift */; };
		93ED844C27C5D80800A89AFF /* MovieList.swift in Sources */ = {isa = PBXBuildFile; fileRef = 93ED844B27C5D80800A89AFF /* MovieList.swift */; };
		93F7B18827C71FD100EF1826 /* MovieCollectionViewCell.swift in Sources */ = {isa = PBXBuildFile; fileRef = 93F7B18727C71FD100EF1826 /* MovieCollectionViewCell.swift */; };
/* End PBXBuildFile section */

/* Begin PBXContainerItemProxy section */
		93ED841827C5BC9000A89AFF /* PBXContainerItemProxy */ = {
			isa = PBXContainerItemProxy;
			containerPortal = 93ED83F927C5BC8D00A89AFF /* Project object */;
			proxyType = 1;
			remoteGlobalIDString = 93ED840027C5BC8D00A89AFF;
			remoteInfo = MoviesApp;
		};
/* End PBXContainerItemProxy section */

/* Begin PBXFileReference section */
		93D8687827CE318C00F0F948 /* TitleLabel.swift */ = {isa = PBXFileReference; lastKnownFileType = sourcecode.swift; path = TitleLabel.swift; sourceTree = "<group>"; };
		93D8687D27CE567000F0F948 /* DetailsViewController.swift */ = {isa = PBXFileReference; lastKnownFileType = sourcecode.swift; path = DetailsViewController.swift; sourceTree = "<group>"; };
		93D8687F27CE570200F0F948 /* DetailsViewModel.swift */ = {isa = PBXFileReference; lastKnownFileType = sourcecode.swift; path = DetailsViewModel.swift; sourceTree = "<group>"; };
		93D8688127CE5D3800F0F948 /* SubtitleLabel.swift */ = {isa = PBXFileReference; lastKnownFileType = sourcecode.swift; path = SubtitleLabel.swift; sourceTree = "<group>"; };
		93D8688527CE5E9200F0F948 /* UIView+Extensions.swift */ = {isa = PBXFileReference; lastKnownFileType = sourcecode.swift; path = "UIView+Extensions.swift"; sourceTree = "<group>"; };
		93D8688727CE6C0600F0F948 /* BodyLabel.swift */ = {isa = PBXFileReference; lastKnownFileType = sourcecode.swift; path = BodyLabel.swift; sourceTree = "<group>"; };
		93D8688A27CE6EFE00F0F948 /* PrimaryButton.swift */ = {isa = PBXFileReference; lastKnownFileType = sourcecode.swift; path = PrimaryButton.swift; sourceTree = "<group>"; };
		93D8688D27CE979F00F0F948 /* PersistenceManager.swift */ = {isa = PBXFileReference; lastKnownFileType = sourcecode.swift; path = PersistenceManager.swift; sourceTree = "<group>"; };
		93D8689127CE9F1C00F0F948 /* DataLoadingViewController.swift */ = {isa = PBXFileReference; lastKnownFileType = sourcecode.swift; path = DataLoadingViewController.swift; sourceTree = "<group>"; };
		93D8689427CEA05100F0F948 /* FavoritesViewModel.swift */ = {isa = PBXFileReference; lastKnownFileType = sourcecode.swift; path = FavoritesViewModel.swift; sourceTree = "<group>"; };
		93D8689827CF140D00F0F948 /* HomeViewModelTests.swift */ = {isa = PBXFileReference; lastKnownFileType = sourcecode.swift; path = HomeViewModelTests.swift; sourceTree = "<group>"; };
		93D8689B27CF14D500F0F948 /* MovieList+Fixtures.swift */ = {isa = PBXFileReference; lastKnownFileType = sourcecode.swift; path = "MovieList+Fixtures.swift"; sourceTree = "<group>"; };
		93D8689F27CFA33A00F0F948 /* NetworkServiceSpy.swift */ = {isa = PBXFileReference; lastKnownFileType = sourcecode.swift; path = NetworkServiceSpy.swift; sourceTree = "<group>"; };
		93ED840127C5BC8D00A89AFF /* MoviesApp.app */ = {isa = PBXFileReference; explicitFileType = wrapper.application; includeInIndex = 0; path = MoviesApp.app; sourceTree = BUILT_PRODUCTS_DIR; };
		93ED840427C5BC8D00A89AFF /* AppDelegate.swift */ = {isa = PBXFileReference; lastKnownFileType = sourcecode.swift; path = AppDelegate.swift; sourceTree = "<group>"; };
		93ED840627C5BC8D00A89AFF /* SceneDelegate.swift */ = {isa = PBXFileReference; lastKnownFileType = sourcecode.swift; path = SceneDelegate.swift; sourceTree = "<group>"; };
		93ED840D27C5BC9000A89AFF /* Assets.xcassets */ = {isa = PBXFileReference; lastKnownFileType = folder.assetcatalog; path = Assets.xcassets; sourceTree = "<group>"; };
		93ED841027C5BC9000A89AFF /* Base */ = {isa = PBXFileReference; lastKnownFileType = file.storyboard; name = Base; path = Base.lproj/LaunchScreen.storyboard; sourceTree = "<group>"; };
		93ED841227C5BC9000A89AFF /* Info.plist */ = {isa = PBXFileReference; lastKnownFileType = text.plist.xml; path = Info.plist; sourceTree = "<group>"; };
		93ED841727C5BC9000A89AFF /* MoviesAppTests.xctest */ = {isa = PBXFileReference; explicitFileType = wrapper.cfbundle; includeInIndex = 0; path = MoviesAppTests.xctest; sourceTree = BUILT_PRODUCTS_DIR; };
		93ED843527C5C09900A89AFF /* NetworkManager.swift */ = {isa = PBXFileReference; lastKnownFileType = sourcecode.swift; path = NetworkManager.swift; sourceTree = "<group>"; };
		93ED843727C5C4E800A89AFF /* NetworkService.swift */ = {isa = PBXFileReference; lastKnownFileType = sourcecode.swift; path = NetworkService.swift; sourceTree = "<group>"; };
		93ED843A27C5C5C300A89AFF /* Movie.swift */ = {isa = PBXFileReference; lastKnownFileType = sourcecode.swift; path = Movie.swift; sourceTree = "<group>"; };
		93ED843F27C5CCBE00A89AFF /* AppTabBarController.swift */ = {isa = PBXFileReference; lastKnownFileType = sourcecode.swift; path = AppTabBarController.swift; sourceTree = "<group>"; };
		93ED844227C5CD6400A89AFF /* HomeViewController.swift */ = {isa = PBXFileReference; lastKnownFileType = sourcecode.swift; path = HomeViewController.swift; sourceTree = "<group>"; };
		93ED844627C5CD9700A89AFF /* FavoritesViewController.swift */ = {isa = PBXFileReference; lastKnownFileType = sourcecode.swift; path = FavoritesViewController.swift; sourceTree = "<group>"; };
		93ED844927C5D26D00A89AFF /* HomeViewModel.swift */ = {isa = PBXFileReference; lastKnownFileType = sourcecode.swift; path = HomeViewModel.swift; sourceTree = "<group>"; };
		93ED844B27C5D80800A89AFF /* MovieList.swift */ = {isa = PBXFileReference; lastKnownFileType = sourcecode.swift; path = MovieList.swift; sourceTree = "<group>"; };
		93F7B18727C71FD100EF1826 /* MovieCollectionViewCell.swift */ = {isa = PBXFileReference; lastKnownFileType = sourcecode.swift; path = MovieCollectionViewCell.swift; sourceTree = "<group>"; };
/* End PBXFileReference section */

/* Begin PBXFrameworksBuildPhase section */
		93ED83FE27C5BC8D00A89AFF /* Frameworks */ = {
			isa = PBXFrameworksBuildPhase;
			buildActionMask = 2147483647;
			files = (
			);
			runOnlyForDeploymentPostprocessing = 0;
		};
		93ED841427C5BC9000A89AFF /* Frameworks */ = {
			isa = PBXFrameworksBuildPhase;
			buildActionMask = 2147483647;
			files = (
			);
			runOnlyForDeploymentPostprocessing = 0;
		};
/* End PBXFrameworksBuildPhase section */

/* Begin PBXGroup section */
		93D8687727CE316300F0F948 /* Labels */ = {
			isa = PBXGroup;
			children = (
				93D8687827CE318C00F0F948 /* TitleLabel.swift */,
				93D8688127CE5D3800F0F948 /* SubtitleLabel.swift */,
				93D8688727CE6C0600F0F948 /* BodyLabel.swift */,
			);
			path = Labels;
			sourceTree = "<group>";
		};
		93D8687A27CE563E00F0F948 /* Details */ = {
			isa = PBXGroup;
			children = (
				93D8687C27CE565700F0F948 /* ViewModel */,
				93D8687B27CE564B00F0F948 /* View */,
			);
			path = Details;
			sourceTree = "<group>";
		};
		93D8687B27CE564B00F0F948 /* View */ = {
			isa = PBXGroup;
			children = (
				93D8687D27CE567000F0F948 /* DetailsViewController.swift */,
			);
			path = View;
			sourceTree = "<group>";
		};
		93D8687C27CE565700F0F948 /* ViewModel */ = {
			isa = PBXGroup;
			children = (
				93D8687F27CE570200F0F948 /* DetailsViewModel.swift */,
			);
			path = ViewModel;
			sourceTree = "<group>";
		};
		93D8688327CE5E7A00F0F948 /* Utils */ = {
			isa = PBXGroup;
			children = (
				93D8688427CE5E8100F0F948 /* Extensions */,
			);
			path = Utils;
			sourceTree = "<group>";
		};
		93D8688427CE5E8100F0F948 /* Extensions */ = {
			isa = PBXGroup;
			children = (
				93D8688527CE5E9200F0F948 /* UIView+Extensions.swift */,
			);
			path = Extensions;
			sourceTree = "<group>";
		};
		93D8688927CE6EE800F0F948 /* Buttons */ = {
			isa = PBXGroup;
			children = (
				93D8688A27CE6EFE00F0F948 /* PrimaryButton.swift */,
			);
			path = Buttons;
			sourceTree = "<group>";
		};
		93D8688C27CE978900F0F948 /* Persistence */ = {
			isa = PBXGroup;
			children = (
				93D8688D27CE979F00F0F948 /* PersistenceManager.swift */,
			);
			path = Persistence;
			sourceTree = "<group>";
		};
		93D8689027CE9F0600F0F948 /* ViewControllers */ = {
			isa = PBXGroup;
			children = (
				93D8689127CE9F1C00F0F948 /* DataLoadingViewController.swift */,
			);
			path = ViewControllers;
			sourceTree = "<group>";
		};
		93D8689327CEA04300F0F948 /* ViewModel */ = {
			isa = PBXGroup;
			children = (
				93D8689427CEA05100F0F948 /* FavoritesViewModel.swift */,
			);
			path = ViewModel;
			sourceTree = "<group>";
		};
		93D8689627CF13EE00F0F948 /* Scenes */ = {
			isa = PBXGroup;
			children = (
				93D8689727CF13F300F0F948 /* Home */,
			);
			path = Scenes;
			sourceTree = "<group>";
		};
		93D8689727CF13F300F0F948 /* Home */ = {
			isa = PBXGroup;
			children = (
				93D8689827CF140D00F0F948 /* HomeViewModelTests.swift */,
			);
			path = Home;
			sourceTree = "<group>";
		};
		93D8689A27CF148000F0F948 /* Fixtures */ = {
			isa = PBXGroup;
			children = (
				93D8689B27CF14D500F0F948 /* MovieList+Fixtures.swift */,
			);
			path = Fixtures;
			sourceTree = "<group>";
		};
		93D8689D27CFA31800F0F948 /* Doubles */ = {
			isa = PBXGroup;
			children = (
				93D8689E27CFA32000F0F948 /* Network */,
			);
			path = Doubles;
			sourceTree = "<group>";
		};
		93D8689E27CFA32000F0F948 /* Network */ = {
			isa = PBXGroup;
			children = (
				93D8689F27CFA33A00F0F948 /* NetworkServiceSpy.swift */,
			);
			path = Network;
			sourceTree = "<group>";
		};
		93ED83F827C5BC8D00A89AFF = {
			isa = PBXGroup;
			children = (
				93ED840327C5BC8D00A89AFF /* MoviesApp */,
				93ED841A27C5BC9000A89AFF /* MoviesAppTests */,
				93ED840227C5BC8D00A89AFF /* Products */,
			);
			sourceTree = "<group>";
		};
		93ED840227C5BC8D00A89AFF /* Products */ = {
			isa = PBXGroup;
			children = (
				93ED840127C5BC8D00A89AFF /* MoviesApp.app */,
				93ED841727C5BC9000A89AFF /* MoviesAppTests.xctest */,
			);
			name = Products;
			sourceTree = "<group>";
		};
		93ED840327C5BC8D00A89AFF /* MoviesApp */ = {
			isa = PBXGroup;
			children = (
				93D8688C27CE978900F0F948 /* Persistence */,
				93D8688327CE5E7A00F0F948 /* Utils */,
				93ED843E27C5CC9800A89AFF /* CustomViews */,
				93ED843C27C5CC6700A89AFF /* Scenes */,
				93ED843927C5C5AA00A89AFF /* Model */,
				93ED843427C5C08000A89AFF /* Network */,
				93ED840427C5BC8D00A89AFF /* AppDelegate.swift */,
				93ED840627C5BC8D00A89AFF /* SceneDelegate.swift */,
				93ED840D27C5BC9000A89AFF /* Assets.xcassets */,
				93ED840F27C5BC9000A89AFF /* LaunchScreen.storyboard */,
				93ED841227C5BC9000A89AFF /* Info.plist */,
			);
			path = MoviesApp;
			sourceTree = "<group>";
		};
		93ED841A27C5BC9000A89AFF /* MoviesAppTests */ = {
			isa = PBXGroup;
			children = (
				93D8689D27CFA31800F0F948 /* Doubles */,
				93D8689A27CF148000F0F948 /* Fixtures */,
				93D8689627CF13EE00F0F948 /* Scenes */,
			);
			path = MoviesAppTests;
			sourceTree = "<group>";
		};
		93ED843427C5C08000A89AFF /* Network */ = {
			isa = PBXGroup;
			children = (
				93ED843527C5C09900A89AFF /* NetworkManager.swift */,
				93ED843727C5C4E800A89AFF /* NetworkService.swift */,
			);
			path = Network;
			sourceTree = "<group>";
		};
		93ED843927C5C5AA00A89AFF /* Model */ = {
			isa = PBXGroup;
			children = (
				93ED843A27C5C5C300A89AFF /* Movie.swift */,
				93ED844B27C5D80800A89AFF /* MovieList.swift */,
			);
			path = Model;
			sourceTree = "<group>";
		};
		93ED843C27C5CC6700A89AFF /* Scenes */ = {
			isa = PBXGroup;
			children = (
				93D8687A27CE563E00F0F948 /* Details */,
				93ED844427C5CD6900A89AFF /* Favorites */,
				93ED843D27C5CC7300A89AFF /* Home */,
			);
			path = Scenes;
			sourceTree = "<group>";
		};
		93ED843D27C5CC7300A89AFF /* Home */ = {
			isa = PBXGroup;
			children = (
				93ED844827C5D25F00A89AFF /* ViewModel */,
				93ED844127C5CD4F00A89AFF /* View */,
			);
			path = Home;
			sourceTree = "<group>";
		};
		93ED843E27C5CC9800A89AFF /* CustomViews */ = {
			isa = PBXGroup;
			children = (
				93D8689027CE9F0600F0F948 /* ViewControllers */,
				93D8688927CE6EE800F0F948 /* Buttons */,
				93D8687727CE316300F0F948 /* Labels */,
				93F7B18627C71FB400EF1826 /* Cells */,
				93ED843F27C5CCBE00A89AFF /* AppTabBarController.swift */,
			);
			path = CustomViews;
			sourceTree = "<group>";
		};
		93ED844127C5CD4F00A89AFF /* View */ = {
			isa = PBXGroup;
			children = (
				93ED844227C5CD6400A89AFF /* HomeViewController.swift */,
			);
			path = View;
			sourceTree = "<group>";
		};
		93ED844427C5CD6900A89AFF /* Favorites */ = {
			isa = PBXGroup;
			children = (
				93D8689327CEA04300F0F948 /* ViewModel */,
				93ED844527C5CD8600A89AFF /* View */,
			);
			path = Favorites;
			sourceTree = "<group>";
		};
		93ED844527C5CD8600A89AFF /* View */ = {
			isa = PBXGroup;
			children = (
				93ED844627C5CD9700A89AFF /* FavoritesViewController.swift */,
			);
			path = View;
			sourceTree = "<group>";
		};
		93ED844827C5D25F00A89AFF /* ViewModel */ = {
			isa = PBXGroup;
			children = (
				93ED844927C5D26D00A89AFF /* HomeViewModel.swift */,
			);
			path = ViewModel;
			sourceTree = "<group>";
		};
		93F7B18627C71FB400EF1826 /* Cells */ = {
			isa = PBXGroup;
			children = (
				93F7B18727C71FD100EF1826 /* MovieCollectionViewCell.swift */,
			);
			path = Cells;
			sourceTree = "<group>";
		};
/* End PBXGroup section */

/* Begin PBXNativeTarget section */
		93ED840027C5BC8D00A89AFF /* MoviesApp */ = {
			isa = PBXNativeTarget;
			buildConfigurationList = 93ED842B27C5BC9000A89AFF /* Build configuration list for PBXNativeTarget "MoviesApp" */;
			buildPhases = (
				93ED83FD27C5BC8D00A89AFF /* Sources */,
				93ED83FE27C5BC8D00A89AFF /* Frameworks */,
				93ED83FF27C5BC8D00A89AFF /* Resources */,
			);
			buildRules = (
			);
			dependencies = (
			);
			name = MoviesApp;
			productName = MoviesApp;
			productReference = 93ED840127C5BC8D00A89AFF /* MoviesApp.app */;
			productType = "com.apple.product-type.application";
		};
		93ED841627C5BC9000A89AFF /* MoviesAppTests */ = {
			isa = PBXNativeTarget;
			buildConfigurationList = 93ED842E27C5BC9000A89AFF /* Build configuration list for PBXNativeTarget "MoviesAppTests" */;
			buildPhases = (
				93ED841327C5BC9000A89AFF /* Sources */,
				93ED841427C5BC9000A89AFF /* Frameworks */,
				93ED841527C5BC9000A89AFF /* Resources */,
			);
			buildRules = (
			);
			dependencies = (
				93ED841927C5BC9000A89AFF /* PBXTargetDependency */,
			);
			name = MoviesAppTests;
			productName = MoviesAppTests;
			productReference = 93ED841727C5BC9000A89AFF /* MoviesAppTests.xctest */;
			productType = "com.apple.product-type.bundle.unit-test";
		};
/* End PBXNativeTarget section */

/* Begin PBXProject section */
		93ED83F927C5BC8D00A89AFF /* Project object */ = {
			isa = PBXProject;
			attributes = {
				BuildIndependentTargetsInParallel = 1;
				LastSwiftUpdateCheck = 1320;
				LastUpgradeCheck = 1320;
				TargetAttributes = {
					93ED840027C5BC8D00A89AFF = {
						CreatedOnToolsVersion = 13.2.1;
					};
					93ED841627C5BC9000A89AFF = {
						CreatedOnToolsVersion = 13.2.1;
						TestTargetID = 93ED840027C5BC8D00A89AFF;
					};
				};
			};
			buildConfigurationList = 93ED83FC27C5BC8D00A89AFF /* Build configuration list for PBXProject "MoviesApp" */;
			compatibilityVersion = "Xcode 13.0";
			developmentRegion = en;
			hasScannedForEncodings = 0;
			knownRegions = (
				en,
				Base,
			);
			mainGroup = 93ED83F827C5BC8D00A89AFF;
			productRefGroup = 93ED840227C5BC8D00A89AFF /* Products */;
			projectDirPath = "";
			projectRoot = "";
			targets = (
				93ED840027C5BC8D00A89AFF /* MoviesApp */,
				93ED841627C5BC9000A89AFF /* MoviesAppTests */,
			);
		};
/* End PBXProject section */

/* Begin PBXResourcesBuildPhase section */
		93ED83FF27C5BC8D00A89AFF /* Resources */ = {
			isa = PBXResourcesBuildPhase;
			buildActionMask = 2147483647;
			files = (
				93ED841127C5BC9000A89AFF /* LaunchScreen.storyboard in Resources */,
				93ED840E27C5BC9000A89AFF /* Assets.xcassets in Resources */,
			);
			runOnlyForDeploymentPostprocessing = 0;
		};
		93ED841527C5BC9000A89AFF /* Resources */ = {
			isa = PBXResourcesBuildPhase;
			buildActionMask = 2147483647;
			files = (
			);
			runOnlyForDeploymentPostprocessing = 0;
		};
/* End PBXResourcesBuildPhase section */

/* Begin PBXSourcesBuildPhase section */
		93ED83FD27C5BC8D00A89AFF /* Sources */ = {
			isa = PBXSourcesBuildPhase;
			buildActionMask = 2147483647;
			files = (
				93D8688B27CE6EFE00F0F948 /* PrimaryButton.swift in Sources */,
				93ED843627C5C09900A89AFF /* NetworkManager.swift in Sources */,
				93ED844A27C5D26D00A89AFF /* HomeViewModel.swift in Sources */,
				93ED844727C5CD9700A89AFF /* FavoritesViewController.swift in Sources */,
				93ED843827C5C4E800A89AFF /* NetworkService.swift in Sources */,
				93D8689227CE9F1C00F0F948 /* DataLoadingViewController.swift in Sources */,
				93ED844027C5CCBE00A89AFF /* AppTabBarController.swift in Sources */,
				93ED844327C5CD6400A89AFF /* HomeViewController.swift in Sources */,
				93D8688627CE5E9200F0F948 /* UIView+Extensions.swift in Sources */,
				93D8688827CE6C0600F0F948 /* BodyLabel.swift in Sources */,
				93ED843B27C5C5C300A89AFF /* Movie.swift in Sources */,
				93ED840527C5BC8D00A89AFF /* AppDelegate.swift in Sources */,
				93F7B18827C71FD100EF1826 /* MovieCollectionViewCell.swift in Sources */,
				93D8687927CE318C00F0F948 /* TitleLabel.swift in Sources */,
				93D8688227CE5D3800F0F948 /* SubtitleLabel.swift in Sources */,
				93D8689527CEA05100F0F948 /* FavoritesViewModel.swift in Sources */,
				93ED844C27C5D80800A89AFF /* MovieList.swift in Sources */,
				93D8688027CE570200F0F948 /* DetailsViewModel.swift in Sources */,
				93D8688E27CE979F00F0F948 /* PersistenceManager.swift in Sources */,
				93D8687E27CE567000F0F948 /* DetailsViewController.swift in Sources */,
				93ED840727C5BC8D00A89AFF /* SceneDelegate.swift in Sources */,
			);
			runOnlyForDeploymentPostprocessing = 0;
		};
		93ED841327C5BC9000A89AFF /* Sources */ = {
			isa = PBXSourcesBuildPhase;
			buildActionMask = 2147483647;
			files = (
				93D868A027CFA33A00F0F948 /* NetworkServiceSpy.swift in Sources */,
				93D8689C27CF14D500F0F948 /* MovieList+Fixtures.swift in Sources */,
				93D8689927CF140D00F0F948 /* HomeViewModelTests.swift in Sources */,
			);
			runOnlyForDeploymentPostprocessing = 0;
		};
/* End PBXSourcesBuildPhase section */

/* Begin PBXTargetDependency section */
		93ED841927C5BC9000A89AFF /* PBXTargetDependency */ = {
			isa = PBXTargetDependency;
			target = 93ED840027C5BC8D00A89AFF /* MoviesApp */;
			targetProxy = 93ED841827C5BC9000A89AFF /* PBXContainerItemProxy */;
		};
/* End PBXTargetDependency section */

/* Begin PBXVariantGroup section */
		93ED840F27C5BC9000A89AFF /* LaunchScreen.storyboard */ = {
			isa = PBXVariantGroup;
			children = (
				93ED841027C5BC9000A89AFF /* Base */,
			);
			name = LaunchScreen.storyboard;
			sourceTree = "<group>";
		};
/* End PBXVariantGroup section */

/* Begin XCBuildConfiguration section */
		93ED842927C5BC9000A89AFF /* Debug */ = {
			isa = XCBuildConfiguration;
			buildSettings = {
				ALWAYS_SEARCH_USER_PATHS = NO;
				CLANG_ANALYZER_NONNULL = YES;
				CLANG_ANALYZER_NUMBER_OBJECT_CONVERSION = YES_AGGRESSIVE;
				CLANG_CXX_LANGUAGE_STANDARD = "gnu++17";
				CLANG_CXX_LIBRARY = "libc++";
				CLANG_ENABLE_MODULES = YES;
				CLANG_ENABLE_OBJC_ARC = YES;
				CLANG_ENABLE_OBJC_WEAK = YES;
				CLANG_WARN_BLOCK_CAPTURE_AUTORELEASING = YES;
				CLANG_WARN_BOOL_CONVERSION = YES;
				CLANG_WARN_COMMA = YES;
				CLANG_WARN_CONSTANT_CONVERSION = YES;
				CLANG_WARN_DEPRECATED_OBJC_IMPLEMENTATIONS = YES;
				CLANG_WARN_DIRECT_OBJC_ISA_USAGE = YES_ERROR;
				CLANG_WARN_DOCUMENTATION_COMMENTS = YES;
				CLANG_WARN_EMPTY_BODY = YES;
				CLANG_WARN_ENUM_CONVERSION = YES;
				CLANG_WARN_INFINITE_RECURSION = YES;
				CLANG_WARN_INT_CONVERSION = YES;
				CLANG_WARN_NON_LITERAL_NULL_CONVERSION = YES;
				CLANG_WARN_OBJC_IMPLICIT_RETAIN_SELF = YES;
				CLANG_WARN_OBJC_LITERAL_CONVERSION = YES;
				CLANG_WARN_OBJC_ROOT_CLASS = YES_ERROR;
				CLANG_WARN_QUOTED_INCLUDE_IN_FRAMEWORK_HEADER = YES;
				CLANG_WARN_RANGE_LOOP_ANALYSIS = YES;
				CLANG_WARN_STRICT_PROTOTYPES = YES;
				CLANG_WARN_SUSPICIOUS_MOVE = YES;
				CLANG_WARN_UNGUARDED_AVAILABILITY = YES_AGGRESSIVE;
				CLANG_WARN_UNREACHABLE_CODE = YES;
				CLANG_WARN__DUPLICATE_METHOD_MATCH = YES;
				COPY_PHASE_STRIP = NO;
				DEBUG_INFORMATION_FORMAT = dwarf;
				ENABLE_STRICT_OBJC_MSGSEND = YES;
				ENABLE_TESTABILITY = YES;
				GCC_C_LANGUAGE_STANDARD = gnu11;
				GCC_DYNAMIC_NO_PIC = NO;
				GCC_NO_COMMON_BLOCKS = YES;
				GCC_OPTIMIZATION_LEVEL = 0;
				GCC_PREPROCESSOR_DEFINITIONS = (
					"DEBUG=1",
					"$(inherited)",
				);
				GCC_WARN_64_TO_32_BIT_CONVERSION = YES;
				GCC_WARN_ABOUT_RETURN_TYPE = YES_ERROR;
				GCC_WARN_UNDECLARED_SELECTOR = YES;
				GCC_WARN_UNINITIALIZED_AUTOS = YES_AGGRESSIVE;
				GCC_WARN_UNUSED_FUNCTION = YES;
				GCC_WARN_UNUSED_VARIABLE = YES;
				IPHONEOS_DEPLOYMENT_TARGET = 15.2;
				MTL_ENABLE_DEBUG_INFO = INCLUDE_SOURCE;
				MTL_FAST_MATH = YES;
				ONLY_ACTIVE_ARCH = YES;
				SDKROOT = iphoneos;
				SWIFT_ACTIVE_COMPILATION_CONDITIONS = DEBUG;
				SWIFT_OPTIMIZATION_LEVEL = "-Onone";
			};
			name = Debug;
		};
		93ED842A27C5BC9000A89AFF /* Release */ = {
			isa = XCBuildConfiguration;
			buildSettings = {
				ALWAYS_SEARCH_USER_PATHS = NO;
				CLANG_ANALYZER_NONNULL = YES;
				CLANG_ANALYZER_NUMBER_OBJECT_CONVERSION = YES_AGGRESSIVE;
				CLANG_CXX_LANGUAGE_STANDARD = "gnu++17";
				CLANG_CXX_LIBRARY = "libc++";
				CLANG_ENABLE_MODULES = YES;
				CLANG_ENABLE_OBJC_ARC = YES;
				CLANG_ENABLE_OBJC_WEAK = YES;
				CLANG_WARN_BLOCK_CAPTURE_AUTORELEASING = YES;
				CLANG_WARN_BOOL_CONVERSION = YES;
				CLANG_WARN_COMMA = YES;
				CLANG_WARN_CONSTANT_CONVERSION = YES;
				CLANG_WARN_DEPRECATED_OBJC_IMPLEMENTATIONS = YES;
				CLANG_WARN_DIRECT_OBJC_ISA_USAGE = YES_ERROR;
				CLANG_WARN_DOCUMENTATION_COMMENTS = YES;
				CLANG_WARN_EMPTY_BODY = YES;
				CLANG_WARN_ENUM_CONVERSION = YES;
				CLANG_WARN_INFINITE_RECURSION = YES;
				CLANG_WARN_INT_CONVERSION = YES;
				CLANG_WARN_NON_LITERAL_NULL_CONVERSION = YES;
				CLANG_WARN_OBJC_IMPLICIT_RETAIN_SELF = YES;
				CLANG_WARN_OBJC_LITERAL_CONVERSION = YES;
				CLANG_WARN_OBJC_ROOT_CLASS = YES_ERROR;
				CLANG_WARN_QUOTED_INCLUDE_IN_FRAMEWORK_HEADER = YES;
				CLANG_WARN_RANGE_LOOP_ANALYSIS = YES;
				CLANG_WARN_STRICT_PROTOTYPES = YES;
				CLANG_WARN_SUSPICIOUS_MOVE = YES;
				CLANG_WARN_UNGUARDED_AVAILABILITY = YES_AGGRESSIVE;
				CLANG_WARN_UNREACHABLE_CODE = YES;
				CLANG_WARN__DUPLICATE_METHOD_MATCH = YES;
				COPY_PHASE_STRIP = NO;
				DEBUG_INFORMATION_FORMAT = "dwarf-with-dsym";
				ENABLE_NS_ASSERTIONS = NO;
				ENABLE_STRICT_OBJC_MSGSEND = YES;
				GCC_C_LANGUAGE_STANDARD = gnu11;
				GCC_NO_COMMON_BLOCKS = YES;
				GCC_WARN_64_TO_32_BIT_CONVERSION = YES;
				GCC_WARN_ABOUT_RETURN_TYPE = YES_ERROR;
				GCC_WARN_UNDECLARED_SELECTOR = YES;
				GCC_WARN_UNINITIALIZED_AUTOS = YES_AGGRESSIVE;
				GCC_WARN_UNUSED_FUNCTION = YES;
				GCC_WARN_UNUSED_VARIABLE = YES;
				IPHONEOS_DEPLOYMENT_TARGET = 15.2;
				MTL_ENABLE_DEBUG_INFO = NO;
				MTL_FAST_MATH = YES;
				SDKROOT = iphoneos;
				SWIFT_COMPILATION_MODE = wholemodule;
				SWIFT_OPTIMIZATION_LEVEL = "-O";
				VALIDATE_PRODUCT = YES;
			};
			name = Release;
		};
		93ED842C27C5BC9000A89AFF /* Debug */ = {
			isa = XCBuildConfiguration;
			buildSettings = {
				ASSETCATALOG_COMPILER_APPICON_NAME = AppIcon;
				ASSETCATALOG_COMPILER_GLOBAL_ACCENT_COLOR_NAME = AccentColor;
				CODE_SIGN_STYLE = Automatic;
				CURRENT_PROJECT_VERSION = 1;
				DEVELOPMENT_TEAM = UW22KRKA6S;
				GENERATE_INFOPLIST_FILE = YES;
				INFOPLIST_FILE = MoviesApp/Info.plist;
				INFOPLIST_KEY_UIApplicationSupportsIndirectInputEvents = YES;
				INFOPLIST_KEY_UILaunchStoryboardName = LaunchScreen;
				INFOPLIST_KEY_UISupportedInterfaceOrientations = UIInterfaceOrientationPortrait;
				INFOPLIST_KEY_UISupportedInterfaceOrientations_iPad = "UIInterfaceOrientationPortrait UIInterfaceOrientationPortraitUpsideDown UIInterfaceOrientationLandscapeLeft UIInterfaceOrientationLandscapeRight";
				INFOPLIST_KEY_UISupportedInterfaceOrientations_iPhone = "UIInterfaceOrientationPortrait UIInterfaceOrientationLandscapeLeft UIInterfaceOrientationLandscapeRight";
				LD_RUNPATH_SEARCH_PATHS = (
					"$(inherited)",
					"@executable_path/Frameworks",
				);
				MARKETING_VERSION = 1.0;
				PRODUCT_BUNDLE_IDENTIFIER = com.gustavotiecker.MoviesApp;
				PRODUCT_NAME = "$(TARGET_NAME)";
				SWIFT_EMIT_LOC_STRINGS = YES;
				SWIFT_VERSION = 5.0;
				TARGETED_DEVICE_FAMILY = 1;
			};
			name = Debug;
		};
		93ED842D27C5BC9000A89AFF /* Release */ = {
			isa = XCBuildConfiguration;
			buildSettings = {
				ASSETCATALOG_COMPILER_APPICON_NAME = AppIcon;
				ASSETCATALOG_COMPILER_GLOBAL_ACCENT_COLOR_NAME = AccentColor;
				CODE_SIGN_STYLE = Automatic;
				CURRENT_PROJECT_VERSION = 1;
				DEVELOPMENT_TEAM = UW22KRKA6S;
				GENERATE_INFOPLIST_FILE = YES;
				INFOPLIST_FILE = MoviesApp/Info.plist;
				INFOPLIST_KEY_UIApplicationSupportsIndirectInputEvents = YES;
				INFOPLIST_KEY_UILaunchStoryboardName = LaunchScreen;
				INFOPLIST_KEY_UISupportedInterfaceOrientations = UIInterfaceOrientationPortrait;
				INFOPLIST_KEY_UISupportedInterfaceOrientations_iPad = "UIInterfaceOrientationPortrait UIInterfaceOrientationPortraitUpsideDown UIInterfaceOrientationLandscapeLeft UIInterfaceOrientationLandscapeRight";
				INFOPLIST_KEY_UISupportedInterfaceOrientations_iPhone = "UIInterfaceOrientationPortrait UIInterfaceOrientationLandscapeLeft UIInterfaceOrientationLandscapeRight";
				LD_RUNPATH_SEARCH_PATHS = (
					"$(inherited)",
					"@executable_path/Frameworks",
				);
				MARKETING_VERSION = 1.0;
				PRODUCT_BUNDLE_IDENTIFIER = com.gustavotiecker.MoviesApp;
				PRODUCT_NAME = "$(TARGET_NAME)";
				SWIFT_EMIT_LOC_STRINGS = YES;
				SWIFT_VERSION = 5.0;
				TARGETED_DEVICE_FAMILY = 1;
			};
			name = Release;
		};
		93ED842F27C5BC9000A89AFF /* Debug */ = {
			isa = XCBuildConfiguration;
			buildSettings = {
				ALWAYS_EMBED_SWIFT_STANDARD_LIBRARIES = YES;
				BUNDLE_LOADER = "$(TEST_HOST)";
				CODE_SIGN_STYLE = Automatic;
				CURRENT_PROJECT_VERSION = 1;
				DEVELOPMENT_TEAM = UW22KRKA6S;
				GENERATE_INFOPLIST_FILE = YES;
				IPHONEOS_DEPLOYMENT_TARGET = 15.2;
				MARKETING_VERSION = 1.0;
				PRODUCT_BUNDLE_IDENTIFIER = com.gustavotiecker.MoviesAppTests;
				PRODUCT_NAME = "$(TARGET_NAME)";
				SWIFT_EMIT_LOC_STRINGS = NO;
				SWIFT_VERSION = 5.0;
				TARGETED_DEVICE_FAMILY = "1,2";
				TEST_HOST = "$(BUILT_PRODUCTS_DIR)/MoviesApp.app/MoviesApp";
			};
			name = Debug;
		};
		93ED843027C5BC9000A89AFF /* Release */ = {
			isa = XCBuildConfiguration;
			buildSettings = {
				ALWAYS_EMBED_SWIFT_STANDARD_LIBRARIES = YES;
				BUNDLE_LOADER = "$(TEST_HOST)";
				CODE_SIGN_STYLE = Automatic;
				CURRENT_PROJECT_VERSION = 1;
				DEVELOPMENT_TEAM = UW22KRKA6S;
				GENERATE_INFOPLIST_FILE = YES;
				IPHONEOS_DEPLOYMENT_TARGET = 15.2;
				MARKETING_VERSION = 1.0;
				PRODUCT_BUNDLE_IDENTIFIER = com.gustavotiecker.MoviesAppTests;
				PRODUCT_NAME = "$(TARGET_NAME)";
				SWIFT_EMIT_LOC_STRINGS = NO;
				SWIFT_VERSION = 5.0;
				TARGETED_DEVICE_FAMILY = "1,2";
				TEST_HOST = "$(BUILT_PRODUCTS_DIR)/MoviesApp.app/MoviesApp";
			};
			name = Release;
		};
/* End XCBuildConfiguration section */

/* Begin XCConfigurationList section */
		93ED83FC27C5BC8D00A89AFF /* Build configuration list for PBXProject "MoviesApp" */ = {
			isa = XCConfigurationList;
			buildConfigurations = (
				93ED842927C5BC9000A89AFF /* Debug */,
				93ED842A27C5BC9000A89AFF /* Release */,
			);
			defaultConfigurationIsVisible = 0;
			defaultConfigurationName = Release;
		};
		93ED842B27C5BC9000A89AFF /* Build configuration list for PBXNativeTarget "MoviesApp" */ = {
			isa = XCConfigurationList;
			buildConfigurations = (
				93ED842C27C5BC9000A89AFF /* Debug */,
				93ED842D27C5BC9000A89AFF /* Release */,
			);
			defaultConfigurationIsVisible = 0;
			defaultConfigurationName = Release;
		};
		93ED842E27C5BC9000A89AFF /* Build configuration list for PBXNativeTarget "MoviesAppTests" */ = {
			isa = XCConfigurationList;
			buildConfigurations = (
				93ED842F27C5BC9000A89AFF /* Debug */,
				93ED843027C5BC9000A89AFF /* Release */,
			);
			defaultConfigurationIsVisible = 0;
			defaultConfigurationName = Release;
		};
/* End XCConfigurationList section */
	};
	rootObject = 93ED83F927C5BC8D00A89AFF /* Project object */;
}
