// !$*UTF8*$!
{
	archiveVersion = 1;
	classes = {
	};
	objectVersion = 51;
	objects = {

/* Begin PBXBuildFile section */
		1A2CEF42252B5F5C00A38F18 /* Movie.swift in Sources */ = {isa = PBXBuildFile; fileRef = 1A2CEF41252B5F5C00A38F18 /* Movie.swift */; };
		1A2CEF43252B5F5C00A38F18 /* Movie.swift in Sources */ = {isa = PBXBuildFile; fileRef = 1A2CEF41252B5F5C00A38F18 /* Movie.swift */; };
		1A2CEF47252B611400A38F18 /* Constants.swift in Sources */ = {isa = PBXBuildFile; fileRef = 1A2CEF46252B611400A38F18 /* Constants.swift */; };
		1A2CEF48252B611400A38F18 /* Constants.swift in Sources */ = {isa = PBXBuildFile; fileRef = 1A2CEF46252B611400A38F18 /* Constants.swift */; };
		1A2CEF55252B665400A38F18 /* MovieService.swift in Sources */ = {isa = PBXBuildFile; fileRef = 1A2CEF54252B665400A38F18 /* MovieService.swift */; };
		1A2CEF56252B665500A38F18 /* MovieService.swift in Sources */ = {isa = PBXBuildFile; fileRef = 1A2CEF54252B665400A38F18 /* MovieService.swift */; };
		1A2CEF5F252B686B00A38F18 /* Pods-globoplay-desafio-mobile-globoplay-desafio-mobileUITests.release.xcconfig in Resources */ = {isa = PBXBuildFile; fileRef = FF96CD76EF892B94A4D6968A /* Pods-globoplay-desafio-mobile-globoplay-desafio-mobileUITests.release.xcconfig */; };
		1A2CEF62252B686D00A38F18 /* Pods-globoplay-desafio-mobile-globoplay-desafio-mobileUITests.debug.xcconfig in Resources */ = {isa = PBXBuildFile; fileRef = 887DBB79EF110FEE094F058B /* Pods-globoplay-desafio-mobile-globoplay-desafio-mobileUITests.debug.xcconfig */; };
		1A2CEF65252B687000A38F18 /* Pods-globoplay-desafio-mobile.release.xcconfig in Resources */ = {isa = PBXBuildFile; fileRef = E740385840AD3E5D1CD3BF13 /* Pods-globoplay-desafio-mobile.release.xcconfig */; };
		1A2CEF68252B687100A38F18 /* Pods-globoplay-desafio-mobile.debug.xcconfig in Resources */ = {isa = PBXBuildFile; fileRef = F4FA683BF365983E40F8576A /* Pods-globoplay-desafio-mobile.debug.xcconfig */; };
		1A2CEFE6252BC05500A38F18 /* movieComponentCell.xib in Resources */ = {isa = PBXBuildFile; fileRef = 1A2CEFE5252BC05500A38F18 /* movieComponentCell.xib */; };
		1A2CEFEA252BC0A900A38F18 /* movieComponent.xib in Resources */ = {isa = PBXBuildFile; fileRef = 1A2CEFE9252BC0A900A38F18 /* movieComponent.xib */; };
		1A2CEFEE252BC0F200A38F18 /* MovieComponentCollectionViewCell.swift in Sources */ = {isa = PBXBuildFile; fileRef = 1A2CEFED252BC0F200A38F18 /* MovieComponentCollectionViewCell.swift */; };
		1A2CEFF2252BC66500A38F18 /* MovieComponentTableViewCell.swift in Sources */ = {isa = PBXBuildFile; fileRef = 1A2CEFF1252BC66400A38F18 /* MovieComponentTableViewCell.swift */; };
		1A52E676252C7897006474D6 /* CustomButton.swift in Sources */ = {isa = PBXBuildFile; fileRef = 1A52E675252C7897006474D6 /* CustomButton.swift */; };
		1A6C37D82530F9D500748431 /* MovieDetails.swift in Sources */ = {isa = PBXBuildFile; fileRef = 1A6C37D72530F9D500748431 /* MovieDetails.swift */; };
		1A6C37DC2530F9FF00748431 /* Genre.swift in Sources */ = {isa = PBXBuildFile; fileRef = 1A6C37DB2530F9FF00748431 /* Genre.swift */; };
		1A6C37E02530FA0A00748431 /* Trailer.swift in Sources */ = {isa = PBXBuildFile; fileRef = 1A6C37DF2530FA0A00748431 /* Trailer.swift */; };
		1A6C37E62530FCA300748431 /* DetailsPresenter.swift in Sources */ = {isa = PBXBuildFile; fileRef = 1A6C37E52530FCA300748431 /* DetailsPresenter.swift */; };
		1A7DCAF7252C02AB002FB030 /* MyListMovieCollectionViewCell.swift in Sources */ = {isa = PBXBuildFile; fileRef = 1A7DCAF6252C02AB002FB030 /* MyListMovieCollectionViewCell.swift */; };
		1A7DCAFB252C0451002FB030 /* DetailsHeaderTableViewCell.swift in Sources */ = {isa = PBXBuildFile; fileRef = 1A7DCAFA252C0451002FB030 /* DetailsHeaderTableViewCell.swift */; };
		1A7DCAFF252C0468002FB030 /* detailsHeaderTableViewCell.xib in Resources */ = {isa = PBXBuildFile; fileRef = 1A7DCAFE252C0468002FB030 /* detailsHeaderTableViewCell.xib */; };
		1A7DCB03252C08B8002FB030 /* DetailsViewController.swift in Sources */ = {isa = PBXBuildFile; fileRef = 1A7DCB02252C08B8002FB030 /* DetailsViewController.swift */; };
		1A7DCB09252C0D91002FB030 /* detailsBodyTableViewCell.xib in Resources */ = {isa = PBXBuildFile; fileRef = 1A7DCB08252C0D91002FB030 /* detailsBodyTableViewCell.xib */; };
		1A7DCB0F252C0EE0002FB030 /* DetailsBodyTableViewCell.swift in Sources */ = {isa = PBXBuildFile; fileRef = 1A7DCB0E252C0EE0002FB030 /* DetailsBodyTableViewCell.swift */; };
		1A87DEBE2530ECEF009E1B36 /* MoviePresenter.swift in Sources */ = {isa = PBXBuildFile; fileRef = 1A87DEBD2530ECEF009E1B36 /* MoviePresenter.swift */; };
		1AA35A10252BF58200455463 /* MyListViewController.swift in Sources */ = {isa = PBXBuildFile; fileRef = 1AA35A0F252BF58200455463 /* MyListViewController.swift */; };
		1AC228992529F3B100FC7988 /* AppDelegate.swift in Sources */ = {isa = PBXBuildFile; fileRef = 1AC228982529F3B100FC7988 /* AppDelegate.swift */; };
		1AC2289B2529F3B100FC7988 /* SceneDelegate.swift in Sources */ = {isa = PBXBuildFile; fileRef = 1AC2289A2529F3B100FC7988 /* SceneDelegate.swift */; };
		1AC2289D2529F3B100FC7988 /* ViewController.swift in Sources */ = {isa = PBXBuildFile; fileRef = 1AC2289C2529F3B100FC7988 /* ViewController.swift */; };
		1AC228A02529F3B100FC7988 /* Main.storyboard in Resources */ = {isa = PBXBuildFile; fileRef = 1AC2289E2529F3B100FC7988 /* Main.storyboard */; };
		1AC228A22529F3BD00FC7988 /* Assets.xcassets in Resources */ = {isa = PBXBuildFile; fileRef = 1AC228A12529F3BD00FC7988 /* Assets.xcassets */; };
		1AC228A52529F3BD00FC7988 /* LaunchScreen.storyboard in Resources */ = {isa = PBXBuildFile; fileRef = 1AC228A32529F3BD00FC7988 /* LaunchScreen.storyboard */; };
		1AC228B02529F3BD00FC7988 /* globoplay_desafio_mobileUITests.swift in Sources */ = {isa = PBXBuildFile; fileRef = 1AC228AF2529F3BD00FC7988 /* globoplay_desafio_mobileUITests.swift */; };
		1AC8E712252CA1F300098AED /* detailsWatchTableViewCell.xib in Resources */ = {isa = PBXBuildFile; fileRef = 1AC8E711252CA1F300098AED /* detailsWatchTableViewCell.xib */; };
		1AC8E716252CA21300098AED /* DetailsWatchTableViewCell.swift in Sources */ = {isa = PBXBuildFile; fileRef = 1AC8E715252CA21300098AED /* DetailsWatchTableViewCell.swift */; };
		1AC8E71E252CB50200098AED /* segmentedCell.xib in Resources */ = {isa = PBXBuildFile; fileRef = 1AC8E71D252CB50200098AED /* segmentedCell.xib */; };
		1AC8E722252CB56A00098AED /* SegmentedTableViewCell.swift in Sources */ = {isa = PBXBuildFile; fileRef = 1AC8E721252CB56A00098AED /* SegmentedTableViewCell.swift */; };
		E313A72A00B3A8B912163F27 /* Pods_globoplay_desafio_mobile_globoplay_desafio_mobileUITests.framework in Frameworks */ = {isa = PBXBuildFile; fileRef = 3FCA9F20CF7A3E9D9F190A88 /* Pods_globoplay_desafio_mobile_globoplay_desafio_mobileUITests.framework */; };
		F7F28371EB558C68FE3DD5BF /* Pods_globoplay_desafio_mobile.framework in Frameworks */ = {isa = PBXBuildFile; fileRef = 88A3214EDBB4431ADACA3216 /* Pods_globoplay_desafio_mobile.framework */; };
/* End PBXBuildFile section */

/* Begin PBXContainerItemProxy section */
		1AC228AC2529F3BD00FC7988 /* PBXContainerItemProxy */ = {
			isa = PBXContainerItemProxy;
			containerPortal = 1AC2288D2529F3B100FC7988 /* Project object */;
			proxyType = 1;
			remoteGlobalIDString = 1AC228942529F3B100FC7988;
			remoteInfo = "globoplay-desafio-mobile";
		};
/* End PBXContainerItemProxy section */

/* Begin PBXFileReference section */
		1A2CEF41252B5F5C00A38F18 /* Movie.swift */ = {isa = PBXFileReference; lastKnownFileType = sourcecode.swift; path = Movie.swift; sourceTree = "<group>"; };
		1A2CEF46252B611400A38F18 /* Constants.swift */ = {isa = PBXFileReference; lastKnownFileType = sourcecode.swift; path = Constants.swift; sourceTree = "<group>"; };
		1A2CEF54252B665400A38F18 /* MovieService.swift */ = {isa = PBXFileReference; lastKnownFileType = sourcecode.swift; path = MovieService.swift; sourceTree = "<group>"; };
		1A2CEFE5252BC05500A38F18 /* movieComponentCell.xib */ = {isa = PBXFileReference; lastKnownFileType = file.xib; path = movieComponentCell.xib; sourceTree = "<group>"; };
		1A2CEFE9252BC0A900A38F18 /* movieComponent.xib */ = {isa = PBXFileReference; lastKnownFileType = file.xib; path = movieComponent.xib; sourceTree = "<group>"; };
		1A2CEFED252BC0F200A38F18 /* MovieComponentCollectionViewCell.swift */ = {isa = PBXFileReference; lastKnownFileType = sourcecode.swift; path = MovieComponentCollectionViewCell.swift; sourceTree = "<group>"; };
		1A2CEFF1252BC66400A38F18 /* MovieComponentTableViewCell.swift */ = {isa = PBXFileReference; lastKnownFileType = sourcecode.swift; path = MovieComponentTableViewCell.swift; sourceTree = "<group>"; };
		1A52E675252C7897006474D6 /* CustomButton.swift */ = {isa = PBXFileReference; lastKnownFileType = sourcecode.swift; path = CustomButton.swift; sourceTree = "<group>"; };
		1A6C37D72530F9D500748431 /* MovieDetails.swift */ = {isa = PBXFileReference; lastKnownFileType = sourcecode.swift; path = MovieDetails.swift; sourceTree = "<group>"; };
		1A6C37DB2530F9FF00748431 /* Genre.swift */ = {isa = PBXFileReference; lastKnownFileType = sourcecode.swift; path = Genre.swift; sourceTree = "<group>"; };
		1A6C37DF2530FA0A00748431 /* Trailer.swift */ = {isa = PBXFileReference; lastKnownFileType = sourcecode.swift; path = Trailer.swift; sourceTree = "<group>"; };
		1A6C37E52530FCA300748431 /* DetailsPresenter.swift */ = {isa = PBXFileReference; lastKnownFileType = sourcecode.swift; path = DetailsPresenter.swift; sourceTree = "<group>"; };
		1A7DCAF6252C02AB002FB030 /* MyListMovieCollectionViewCell.swift */ = {isa = PBXFileReference; lastKnownFileType = sourcecode.swift; path = MyListMovieCollectionViewCell.swift; sourceTree = "<group>"; };
		1A7DCAFA252C0451002FB030 /* DetailsHeaderTableViewCell.swift */ = {isa = PBXFileReference; lastKnownFileType = sourcecode.swift; path = DetailsHeaderTableViewCell.swift; sourceTree = "<group>"; };
		1A7DCAFE252C0468002FB030 /* detailsHeaderTableViewCell.xib */ = {isa = PBXFileReference; lastKnownFileType = file.xib; path = detailsHeaderTableViewCell.xib; sourceTree = "<group>"; };
		1A7DCB02252C08B8002FB030 /* DetailsViewController.swift */ = {isa = PBXFileReference; lastKnownFileType = sourcecode.swift; path = DetailsViewController.swift; sourceTree = "<group>"; };
		1A7DCB08252C0D91002FB030 /* detailsBodyTableViewCell.xib */ = {isa = PBXFileReference; lastKnownFileType = file.xib; path = detailsBodyTableViewCell.xib; sourceTree = "<group>"; };
		1A7DCB0E252C0EE0002FB030 /* DetailsBodyTableViewCell.swift */ = {isa = PBXFileReference; lastKnownFileType = sourcecode.swift; path = DetailsBodyTableViewCell.swift; sourceTree = "<group>"; };
		1A87DEBD2530ECEF009E1B36 /* MoviePresenter.swift */ = {isa = PBXFileReference; lastKnownFileType = sourcecode.swift; path = MoviePresenter.swift; sourceTree = "<group>"; };
		1AA35A0F252BF58200455463 /* MyListViewController.swift */ = {isa = PBXFileReference; lastKnownFileType = sourcecode.swift; path = MyListViewController.swift; sourceTree = "<group>"; };
		1AC228952529F3B100FC7988 /* globoplay-desafio-mobile.app */ = {isa = PBXFileReference; explicitFileType = wrapper.application; includeInIndex = 0; path = "globoplay-desafio-mobile.app"; sourceTree = BUILT_PRODUCTS_DIR; };
		1AC228982529F3B100FC7988 /* AppDelegate.swift */ = {isa = PBXFileReference; lastKnownFileType = sourcecode.swift; path = AppDelegate.swift; sourceTree = "<group>"; };
		1AC2289A2529F3B100FC7988 /* SceneDelegate.swift */ = {isa = PBXFileReference; lastKnownFileType = sourcecode.swift; path = SceneDelegate.swift; sourceTree = "<group>"; };
		1AC2289C2529F3B100FC7988 /* ViewController.swift */ = {isa = PBXFileReference; lastKnownFileType = sourcecode.swift; path = ViewController.swift; sourceTree = "<group>"; };
		1AC2289F2529F3B100FC7988 /* Base */ = {isa = PBXFileReference; lastKnownFileType = file.storyboard; name = Base; path = Base.lproj/Main.storyboard; sourceTree = "<group>"; };
		1AC228A12529F3BD00FC7988 /* Assets.xcassets */ = {isa = PBXFileReference; lastKnownFileType = folder.assetcatalog; path = Assets.xcassets; sourceTree = "<group>"; };
		1AC228A42529F3BD00FC7988 /* Base */ = {isa = PBXFileReference; lastKnownFileType = file.storyboard; name = Base; path = Base.lproj/LaunchScreen.storyboard; sourceTree = "<group>"; };
		1AC228A62529F3BD00FC7988 /* Info.plist */ = {isa = PBXFileReference; lastKnownFileType = text.plist.xml; path = Info.plist; sourceTree = "<group>"; };
		1AC228AB2529F3BD00FC7988 /* globoplay-desafio-mobileUITests.xctest */ = {isa = PBXFileReference; explicitFileType = wrapper.cfbundle; includeInIndex = 0; path = "globoplay-desafio-mobileUITests.xctest"; sourceTree = BUILT_PRODUCTS_DIR; };
		1AC228AF2529F3BD00FC7988 /* globoplay_desafio_mobileUITests.swift */ = {isa = PBXFileReference; lastKnownFileType = sourcecode.swift; path = globoplay_desafio_mobileUITests.swift; sourceTree = "<group>"; };
		1AC228B12529F3BD00FC7988 /* Info.plist */ = {isa = PBXFileReference; lastKnownFileType = text.plist.xml; path = Info.plist; sourceTree = "<group>"; };
		1AC8E711252CA1F300098AED /* detailsWatchTableViewCell.xib */ = {isa = PBXFileReference; lastKnownFileType = file.xib; path = detailsWatchTableViewCell.xib; sourceTree = "<group>"; };
		1AC8E715252CA21300098AED /* DetailsWatchTableViewCell.swift */ = {isa = PBXFileReference; lastKnownFileType = sourcecode.swift; path = DetailsWatchTableViewCell.swift; sourceTree = "<group>"; };
		1AC8E71D252CB50200098AED /* segmentedCell.xib */ = {isa = PBXFileReference; lastKnownFileType = file.xib; path = segmentedCell.xib; sourceTree = "<group>"; };
		1AC8E721252CB56A00098AED /* SegmentedTableViewCell.swift */ = {isa = PBXFileReference; lastKnownFileType = sourcecode.swift; path = SegmentedTableViewCell.swift; sourceTree = "<group>"; };
		3FCA9F20CF7A3E9D9F190A88 /* Pods_globoplay_desafio_mobile_globoplay_desafio_mobileUITests.framework */ = {isa = PBXFileReference; explicitFileType = wrapper.framework; includeInIndex = 0; path = Pods_globoplay_desafio_mobile_globoplay_desafio_mobileUITests.framework; sourceTree = BUILT_PRODUCTS_DIR; };
		887DBB79EF110FEE094F058B /* Pods-globoplay-desafio-mobile-globoplay-desafio-mobileUITests.debug.xcconfig */ = {isa = PBXFileReference; includeInIndex = 1; lastKnownFileType = text.xcconfig; name = "Pods-globoplay-desafio-mobile-globoplay-desafio-mobileUITests.debug.xcconfig"; path = "Target Support Files/Pods-globoplay-desafio-mobile-globoplay-desafio-mobileUITests/Pods-globoplay-desafio-mobile-globoplay-desafio-mobileUITests.debug.xcconfig"; sourceTree = "<group>"; };
		88A3214EDBB4431ADACA3216 /* Pods_globoplay_desafio_mobile.framework */ = {isa = PBXFileReference; explicitFileType = wrapper.framework; includeInIndex = 0; path = Pods_globoplay_desafio_mobile.framework; sourceTree = BUILT_PRODUCTS_DIR; };
		E740385840AD3E5D1CD3BF13 /* Pods-globoplay-desafio-mobile.release.xcconfig */ = {isa = PBXFileReference; includeInIndex = 1; lastKnownFileType = text.xcconfig; name = "Pods-globoplay-desafio-mobile.release.xcconfig"; path = "Target Support Files/Pods-globoplay-desafio-mobile/Pods-globoplay-desafio-mobile.release.xcconfig"; sourceTree = "<group>"; };
		F4FA683BF365983E40F8576A /* Pods-globoplay-desafio-mobile.debug.xcconfig */ = {isa = PBXFileReference; includeInIndex = 1; lastKnownFileType = text.xcconfig; name = "Pods-globoplay-desafio-mobile.debug.xcconfig"; path = "Target Support Files/Pods-globoplay-desafio-mobile/Pods-globoplay-desafio-mobile.debug.xcconfig"; sourceTree = "<group>"; };
		FF96CD76EF892B94A4D6968A /* Pods-globoplay-desafio-mobile-globoplay-desafio-mobileUITests.release.xcconfig */ = {isa = PBXFileReference; includeInIndex = 1; lastKnownFileType = text.xcconfig; name = "Pods-globoplay-desafio-mobile-globoplay-desafio-mobileUITests.release.xcconfig"; path = "Target Support Files/Pods-globoplay-desafio-mobile-globoplay-desafio-mobileUITests/Pods-globoplay-desafio-mobile-globoplay-desafio-mobileUITests.release.xcconfig"; sourceTree = "<group>"; };
/* End PBXFileReference section */

/* Begin PBXFrameworksBuildPhase section */
		1AC228922529F3B100FC7988 /* Frameworks */ = {
			isa = PBXFrameworksBuildPhase;
			buildActionMask = 2147483647;
			files = (
				F7F28371EB558C68FE3DD5BF /* Pods_globoplay_desafio_mobile.framework in Frameworks */,
			);
			runOnlyForDeploymentPostprocessing = 0;
		};
		1AC228A82529F3BD00FC7988 /* Frameworks */ = {
			isa = PBXFrameworksBuildPhase;
			buildActionMask = 2147483647;
			files = (
				E313A72A00B3A8B912163F27 /* Pods_globoplay_desafio_mobile_globoplay_desafio_mobileUITests.framework in Frameworks */,
			);
			runOnlyForDeploymentPostprocessing = 0;
		};
/* End PBXFrameworksBuildPhase section */

/* Begin PBXGroup section */
		1A2CEF53252B664700A38F18 /* Services */ = {
			isa = PBXGroup;
			children = (
				1A2CEF54252B665400A38F18 /* MovieService.swift */,
			);
			name = Services;
			sourceTree = "<group>";
		};
		1A2CEF79252B8C3500A38F18 /* Cells */ = {
			isa = PBXGroup;
			children = (
				1A7DCAFA252C0451002FB030 /* DetailsHeaderTableViewCell.swift */,
				1A2CEFED252BC0F200A38F18 /* MovieComponentCollectionViewCell.swift */,
				1A2CEFF1252BC66400A38F18 /* MovieComponentTableViewCell.swift */,
				1A7DCAF6252C02AB002FB030 /* MyListMovieCollectionViewCell.swift */,
				1A7DCB0E252C0EE0002FB030 /* DetailsBodyTableViewCell.swift */,
				1AC8E715252CA21300098AED /* DetailsWatchTableViewCell.swift */,
				1AC8E721252CB56A00098AED /* SegmentedTableViewCell.swift */,
			);
			path = Cells;
			sourceTree = "<group>";
		};
		1A87DEC12530ECFC009E1B36 /* Presenter */ = {
			isa = PBXGroup;
			children = (
				1A87DEBD2530ECEF009E1B36 /* MoviePresenter.swift */,
				1A6C37E52530FCA300748431 /* DetailsPresenter.swift */,
			);
			path = Presenter;
			sourceTree = "<group>";
		};
		1AA35A0B252BE32800455463 /* Storyboards */ = {
			isa = PBXGroup;
			children = (
				1AA35A0C252BE34000455463 /* xibs */,
				1AC2289E2529F3B100FC7988 /* Main.storyboard */,
				1AC228A32529F3BD00FC7988 /* LaunchScreen.storyboard */,
			);
			name = Storyboards;
			sourceTree = "<group>";
		};
		1AA35A0C252BE34000455463 /* xibs */ = {
			isa = PBXGroup;
			children = (
				1A2CEFE5252BC05500A38F18 /* movieComponentCell.xib */,
				1A2CEFE9252BC0A900A38F18 /* movieComponent.xib */,
				1A7DCAFE252C0468002FB030 /* detailsHeaderTableViewCell.xib */,
				1A7DCB08252C0D91002FB030 /* detailsBodyTableViewCell.xib */,
				1AC8E711252CA1F300098AED /* detailsWatchTableViewCell.xib */,
				1AC8E71D252CB50200098AED /* segmentedCell.xib */,
			);
			path = xibs;
			sourceTree = "<group>";
		};
		1AC2288C2529F3B100FC7988 = {
			isa = PBXGroup;
			children = (
				1AC228972529F3B100FC7988 /* globoplay-desafio-mobile */,
				1AC228AE2529F3BD00FC7988 /* globoplay-desafio-mobileUITests */,
				1AC228962529F3B100FC7988 /* Products */,
				55C09A7B317AB6B8FF372DBA /* Pods */,
				A21E5AB666A80C118696970D /* Frameworks */,
			);
			sourceTree = "<group>";
		};
		1AC228962529F3B100FC7988 /* Products */ = {
			isa = PBXGroup;
			children = (
				1AC228952529F3B100FC7988 /* globoplay-desafio-mobile.app */,
				1AC228AB2529F3BD00FC7988 /* globoplay-desafio-mobileUITests.xctest */,
			);
			name = Products;
			sourceTree = "<group>";
		};
		1AC228972529F3B100FC7988 /* globoplay-desafio-mobile */ = {
			isa = PBXGroup;
			children = (
				1A87DEC12530ECFC009E1B36 /* Presenter */,
				1AC8E70E252C9CFA00098AED /* Custom */,
				1AC8E709252C9CDE00098AED /* View Controller */,
				1AA35A0B252BE32800455463 /* Storyboards */,
				1A2CEF79252B8C3500A38F18 /* Cells */,
				1A2CEF53252B664700A38F18 /* Services */,
				1ADBAB21252A32DD00C36575 /* Models */,
				1AC228982529F3B100FC7988 /* AppDelegate.swift */,
				1AC2289A2529F3B100FC7988 /* SceneDelegate.swift */,
				1AC228A12529F3BD00FC7988 /* Assets.xcassets */,
				1AC228A62529F3BD00FC7988 /* Info.plist */,
				1A2CEF46252B611400A38F18 /* Constants.swift */,
			);
			path = "globoplay-desafio-mobile";
			sourceTree = "<group>";
		};
		1AC228AE2529F3BD00FC7988 /* globoplay-desafio-mobileUITests */ = {
			isa = PBXGroup;
			children = (
				1AC228AF2529F3BD00FC7988 /* globoplay_desafio_mobileUITests.swift */,
				1AC228B12529F3BD00FC7988 /* Info.plist */,
			);
			path = "globoplay-desafio-mobileUITests";
			sourceTree = "<group>";
		};
		1AC8E709252C9CDE00098AED /* View Controller */ = {
			isa = PBXGroup;
			children = (
				1A7DCB02252C08B8002FB030 /* DetailsViewController.swift */,
				1AA35A0F252BF58200455463 /* MyListViewController.swift */,
				1AC2289C2529F3B100FC7988 /* ViewController.swift */,
			);
			path = "View Controller";
			sourceTree = "<group>";
		};
		1AC8E70E252C9CFA00098AED /* Custom */ = {
			isa = PBXGroup;
			children = (
				1A52E675252C7897006474D6 /* CustomButton.swift */,
			);
			name = Custom;
			sourceTree = "<group>";
		};
		1ADBAB21252A32DD00C36575 /* Models */ = {
			isa = PBXGroup;
			children = (
				1A2CEF41252B5F5C00A38F18 /* Movie.swift */,
				1A6C37D72530F9D500748431 /* MovieDetails.swift */,
				1A6C37DB2530F9FF00748431 /* Genre.swift */,
				1A6C37DF2530FA0A00748431 /* Trailer.swift */,
			);
			name = Models;
			sourceTree = "<group>";
		};
		55C09A7B317AB6B8FF372DBA /* Pods */ = {
			isa = PBXGroup;
			children = (
				F4FA683BF365983E40F8576A /* Pods-globoplay-desafio-mobile.debug.xcconfig */,
				E740385840AD3E5D1CD3BF13 /* Pods-globoplay-desafio-mobile.release.xcconfig */,
				887DBB79EF110FEE094F058B /* Pods-globoplay-desafio-mobile-globoplay-desafio-mobileUITests.debug.xcconfig */,
				FF96CD76EF892B94A4D6968A /* Pods-globoplay-desafio-mobile-globoplay-desafio-mobileUITests.release.xcconfig */,
			);
			path = Pods;
			sourceTree = "<group>";
		};
		A21E5AB666A80C118696970D /* Frameworks */ = {
			isa = PBXGroup;
			children = (
				88A3214EDBB4431ADACA3216 /* Pods_globoplay_desafio_mobile.framework */,
				3FCA9F20CF7A3E9D9F190A88 /* Pods_globoplay_desafio_mobile_globoplay_desafio_mobileUITests.framework */,
			);
			name = Frameworks;
			sourceTree = "<group>";
		};
/* End PBXGroup section */

/* Begin PBXNativeTarget section */
		1AC228942529F3B100FC7988 /* globoplay-desafio-mobile */ = {
			isa = PBXNativeTarget;
			buildConfigurationList = 1AC228B42529F3BD00FC7988 /* Build configuration list for PBXNativeTarget "globoplay-desafio-mobile" */;
			buildPhases = (
				E0BC89582CD2514C2B7C8D66 /* [CP] Check Pods Manifest.lock */,
				1AC228912529F3B100FC7988 /* Sources */,
				1AC228922529F3B100FC7988 /* Frameworks */,
				1AC228932529F3B100FC7988 /* Resources */,
				FEAAF740116F7E8348435A3C /* [CP] Embed Pods Frameworks */,
			);
			buildRules = (
			);
			dependencies = (
			);
			name = "globoplay-desafio-mobile";
			productName = "globoplay-desafio-mobile";
			productReference = 1AC228952529F3B100FC7988 /* globoplay-desafio-mobile.app */;
			productType = "com.apple.product-type.application";
		};
		1AC228AA2529F3BD00FC7988 /* globoplay-desafio-mobileUITests */ = {
			isa = PBXNativeTarget;
			buildConfigurationList = 1AC228B72529F3BD00FC7988 /* Build configuration list for PBXNativeTarget "globoplay-desafio-mobileUITests" */;
			buildPhases = (
				35DF560F66DEC49905506732 /* [CP] Check Pods Manifest.lock */,
				1AC228A72529F3BD00FC7988 /* Sources */,
				1AC228A82529F3BD00FC7988 /* Frameworks */,
				1AC228A92529F3BD00FC7988 /* Resources */,
				45109B8B684E285B99AD6B31 /* [CP] Embed Pods Frameworks */,
			);
			buildRules = (
			);
			dependencies = (
				1AC228AD2529F3BD00FC7988 /* PBXTargetDependency */,
			);
			name = "globoplay-desafio-mobileUITests";
			productName = "globoplay-desafio-mobileUITests";
			productReference = 1AC228AB2529F3BD00FC7988 /* globoplay-desafio-mobileUITests.xctest */;
			productType = "com.apple.product-type.bundle.ui-testing";
		};
/* End PBXNativeTarget section */

/* Begin PBXProject section */
		1AC2288D2529F3B100FC7988 /* Project object */ = {
			isa = PBXProject;
			attributes = {
				LastSwiftUpdateCheck = 1130;
				LastUpgradeCheck = 1130;
				ORGANIZATIONNAME = Mariela;
				TargetAttributes = {
					1AC228942529F3B100FC7988 = {
						CreatedOnToolsVersion = 11.3.1;
					};
					1AC228AA2529F3BD00FC7988 = {
						CreatedOnToolsVersion = 11.3.1;
						TestTargetID = 1AC228942529F3B100FC7988;
					};
				};
			};
			buildConfigurationList = 1AC228902529F3B100FC7988 /* Build configuration list for PBXProject "globoplay-desafio-mobile" */;
			compatibilityVersion = "Xcode 9.3";
			developmentRegion = en;
			hasScannedForEncodings = 0;
			knownRegions = (
				en,
				Base,
			);
			mainGroup = 1AC2288C2529F3B100FC7988;
			productRefGroup = 1AC228962529F3B100FC7988 /* Products */;
			projectDirPath = "";
			projectRoot = "";
			targets = (
				1AC228942529F3B100FC7988 /* globoplay-desafio-mobile */,
				1AC228AA2529F3BD00FC7988 /* globoplay-desafio-mobileUITests */,
			);
		};
/* End PBXProject section */

/* Begin PBXResourcesBuildPhase section */
		1AC228932529F3B100FC7988 /* Resources */ = {
			isa = PBXResourcesBuildPhase;
			buildActionMask = 2147483647;
			files = (
				1A2CEF62252B686D00A38F18 /* Pods-globoplay-desafio-mobile-globoplay-desafio-mobileUITests.debug.xcconfig in Resources */,
				1A2CEFEA252BC0A900A38F18 /* movieComponent.xib in Resources */,
				1AC8E712252CA1F300098AED /* detailsWatchTableViewCell.xib in Resources */,
				1AC228A52529F3BD00FC7988 /* LaunchScreen.storyboard in Resources */,
				1A2CEFE6252BC05500A38F18 /* movieComponentCell.xib in Resources */,
				1A7DCB09252C0D91002FB030 /* detailsBodyTableViewCell.xib in Resources */,
				1A2CEF68252B687100A38F18 /* Pods-globoplay-desafio-mobile.debug.xcconfig in Resources */,
				1A2CEF5F252B686B00A38F18 /* Pods-globoplay-desafio-mobile-globoplay-desafio-mobileUITests.release.xcconfig in Resources */,
				1AC228A22529F3BD00FC7988 /* Assets.xcassets in Resources */,
				1A7DCAFF252C0468002FB030 /* detailsHeaderTableViewCell.xib in Resources */,
				1AC8E71E252CB50200098AED /* segmentedCell.xib in Resources */,
				1AC228A02529F3B100FC7988 /* Main.storyboard in Resources */,
				1A2CEF65252B687000A38F18 /* Pods-globoplay-desafio-mobile.release.xcconfig in Resources */,
			);
			runOnlyForDeploymentPostprocessing = 0;
		};
		1AC228A92529F3BD00FC7988 /* Resources */ = {
			isa = PBXResourcesBuildPhase;
			buildActionMask = 2147483647;
			files = (
			);
			runOnlyForDeploymentPostprocessing = 0;
		};
/* End PBXResourcesBuildPhase section */

/* Begin PBXShellScriptBuildPhase section */
		35DF560F66DEC49905506732 /* [CP] Check Pods Manifest.lock */ = {
			isa = PBXShellScriptBuildPhase;
			buildActionMask = 2147483647;
			files = (
			);
			inputFileListPaths = (
			);
			inputPaths = (
				"${PODS_PODFILE_DIR_PATH}/Podfile.lock",
				"${PODS_ROOT}/Manifest.lock",
			);
			name = "[CP] Check Pods Manifest.lock";
			outputFileListPaths = (
			);
			outputPaths = (
				"$(DERIVED_FILE_DIR)/Pods-globoplay-desafio-mobile-globoplay-desafio-mobileUITests-checkManifestLockResult.txt",
			);
			runOnlyForDeploymentPostprocessing = 0;
			shellPath = /bin/sh;
			shellScript = "diff \"${PODS_PODFILE_DIR_PATH}/Podfile.lock\" \"${PODS_ROOT}/Manifest.lock\" > /dev/null\nif [ $? != 0 ] ; then\n    # print error to STDERR\n    echo \"error: The sandbox is not in sync with the Podfile.lock. Run 'pod install' or update your CocoaPods installation.\" >&2\n    exit 1\nfi\n# This output is used by Xcode 'outputs' to avoid re-running this script phase.\necho \"SUCCESS\" > \"${SCRIPT_OUTPUT_FILE_0}\"\n";
			showEnvVarsInLog = 0;
		};
		45109B8B684E285B99AD6B31 /* [CP] Embed Pods Frameworks */ = {
			isa = PBXShellScriptBuildPhase;
			buildActionMask = 2147483647;
			files = (
			);
			inputFileListPaths = (
				"${PODS_ROOT}/Target Support Files/Pods-globoplay-desafio-mobile-globoplay-desafio-mobileUITests/Pods-globoplay-desafio-mobile-globoplay-desafio-mobileUITests-frameworks-${CONFIGURATION}-input-files.xcfilelist",
			);
			name = "[CP] Embed Pods Frameworks";
			outputFileListPaths = (
				"${PODS_ROOT}/Target Support Files/Pods-globoplay-desafio-mobile-globoplay-desafio-mobileUITests/Pods-globoplay-desafio-mobile-globoplay-desafio-mobileUITests-frameworks-${CONFIGURATION}-output-files.xcfilelist",
			);
			runOnlyForDeploymentPostprocessing = 0;
			shellPath = /bin/sh;
			shellScript = "\"${PODS_ROOT}/Target Support Files/Pods-globoplay-desafio-mobile-globoplay-desafio-mobileUITests/Pods-globoplay-desafio-mobile-globoplay-desafio-mobileUITests-frameworks.sh\"\n";
			showEnvVarsInLog = 0;
		};
		E0BC89582CD2514C2B7C8D66 /* [CP] Check Pods Manifest.lock */ = {
			isa = PBXShellScriptBuildPhase;
			buildActionMask = 2147483647;
			files = (
			);
			inputFileListPaths = (
			);
			inputPaths = (
				"${PODS_PODFILE_DIR_PATH}/Podfile.lock",
				"${PODS_ROOT}/Manifest.lock",
			);
			name = "[CP] Check Pods Manifest.lock";
			outputFileListPaths = (
			);
			outputPaths = (
				"$(DERIVED_FILE_DIR)/Pods-globoplay-desafio-mobile-checkManifestLockResult.txt",
			);
			runOnlyForDeploymentPostprocessing = 0;
			shellPath = /bin/sh;
			shellScript = "diff \"${PODS_PODFILE_DIR_PATH}/Podfile.lock\" \"${PODS_ROOT}/Manifest.lock\" > /dev/null\nif [ $? != 0 ] ; then\n    # print error to STDERR\n    echo \"error: The sandbox is not in sync with the Podfile.lock. Run 'pod install' or update your CocoaPods installation.\" >&2\n    exit 1\nfi\n# This output is used by Xcode 'outputs' to avoid re-running this script phase.\necho \"SUCCESS\" > \"${SCRIPT_OUTPUT_FILE_0}\"\n";
			showEnvVarsInLog = 0;
		};
		FEAAF740116F7E8348435A3C /* [CP] Embed Pods Frameworks */ = {
			isa = PBXShellScriptBuildPhase;
			buildActionMask = 2147483647;
			files = (
			);
			inputFileListPaths = (
				"${PODS_ROOT}/Target Support Files/Pods-globoplay-desafio-mobile/Pods-globoplay-desafio-mobile-frameworks-${CONFIGURATION}-input-files.xcfilelist",
			);
			name = "[CP] Embed Pods Frameworks";
			outputFileListPaths = (
				"${PODS_ROOT}/Target Support Files/Pods-globoplay-desafio-mobile/Pods-globoplay-desafio-mobile-frameworks-${CONFIGURATION}-output-files.xcfilelist",
			);
			runOnlyForDeploymentPostprocessing = 0;
			shellPath = /bin/sh;
			shellScript = "\"${PODS_ROOT}/Target Support Files/Pods-globoplay-desafio-mobile/Pods-globoplay-desafio-mobile-frameworks.sh\"\n";
			showEnvVarsInLog = 0;
		};
/* End PBXShellScriptBuildPhase section */

/* Begin PBXSourcesBuildPhase section */
		1AC228912529F3B100FC7988 /* Sources */ = {
			isa = PBXSourcesBuildPhase;
			buildActionMask = 2147483647;
			files = (
				1AC2289D2529F3B100FC7988 /* ViewController.swift in Sources */,
				1AC228992529F3B100FC7988 /* AppDelegate.swift in Sources */,
				1A7DCAFB252C0451002FB030 /* DetailsHeaderTableViewCell.swift in Sources */,
				1A2CEFEE252BC0F200A38F18 /* MovieComponentCollectionViewCell.swift in Sources */,
				1A52E676252C7897006474D6 /* CustomButton.swift in Sources */,
				1A7DCAF7252C02AB002FB030 /* MyListMovieCollectionViewCell.swift in Sources */,
				1AC8E722252CB56A00098AED /* SegmentedTableViewCell.swift in Sources */,
				1A6C37DC2530F9FF00748431 /* Genre.swift in Sources */,
				1AC2289B2529F3B100FC7988 /* SceneDelegate.swift in Sources */,
				1AA35A10252BF58200455463 /* MyListViewController.swift in Sources */,
				1AC8E716252CA21300098AED /* DetailsWatchTableViewCell.swift in Sources */,
				1A6C37E02530FA0A00748431 /* Trailer.swift in Sources */,
				1A2CEF42252B5F5C00A38F18 /* Movie.swift in Sources */,
				1A2CEFF2252BC66500A38F18 /* MovieComponentTableViewCell.swift in Sources */,
				1A2CEF47252B611400A38F18 /* Constants.swift in Sources */,
				1A7DCB0F252C0EE0002FB030 /* DetailsBodyTableViewCell.swift in Sources */,
				1A7DCB03252C08B8002FB030 /* DetailsViewController.swift in Sources */,
				1A6C37E62530FCA300748431 /* DetailsPresenter.swift in Sources */,
				1A87DEBE2530ECEF009E1B36 /* MoviePresenter.swift in Sources */,
				1A2CEF55252B665400A38F18 /* MovieService.swift in Sources */,
				1A6C37D82530F9D500748431 /* MovieDetails.swift in Sources */,
			);
			runOnlyForDeploymentPostprocessing = 0;
		};
		1AC228A72529F3BD00FC7988 /* Sources */ = {
			isa = PBXSourcesBuildPhase;
			buildActionMask = 2147483647;
			files = (
				1A2CEF56252B665500A38F18 /* MovieService.swift in Sources */,
				1AC228B02529F3BD00FC7988 /* globoplay_desafio_mobileUITests.swift in Sources */,
				1A2CEF43252B5F5C00A38F18 /* Movie.swift in Sources */,
				1A2CEF48252B611400A38F18 /* Constants.swift in Sources */,
			);
			runOnlyForDeploymentPostprocessing = 0;
		};
/* End PBXSourcesBuildPhase section */

/* Begin PBXTargetDependency section */
		1AC228AD2529F3BD00FC7988 /* PBXTargetDependency */ = {
			isa = PBXTargetDependency;
			target = 1AC228942529F3B100FC7988 /* globoplay-desafio-mobile */;
			targetProxy = 1AC228AC2529F3BD00FC7988 /* PBXContainerItemProxy */;
		};
/* End PBXTargetDependency section */

/* Begin PBXVariantGroup section */
		1AC2289E2529F3B100FC7988 /* Main.storyboard */ = {
			isa = PBXVariantGroup;
			children = (
				1AC2289F2529F3B100FC7988 /* Base */,
			);
			name = Main.storyboard;
			sourceTree = "<group>";
		};
		1AC228A32529F3BD00FC7988 /* LaunchScreen.storyboard */ = {
			isa = PBXVariantGroup;
			children = (
				1AC228A42529F3BD00FC7988 /* Base */,
			);
			name = LaunchScreen.storyboard;
			sourceTree = "<group>";
		};
/* End PBXVariantGroup section */

/* Begin XCBuildConfiguration section */
		1AC228B22529F3BD00FC7988 /* Debug */ = {
			isa = XCBuildConfiguration;
			buildSettings = {
				ALWAYS_SEARCH_USER_PATHS = NO;
				CLANG_ANALYZER_NONNULL = YES;
				CLANG_ANALYZER_NUMBER_OBJECT_CONVERSION = YES_AGGRESSIVE;
				CLANG_CXX_LANGUAGE_STANDARD = "gnu++14";
				CLANG_CXX_LIBRARY = "libc++";
				CLANG_ENABLE_MODULES = YES;
				CLANG_ENABLE_OBJC_ARC = YES;
				CLANG_ENABLE_OBJC_WEAK = YES;
				CLANG_WARN_BLOCK_CAPTURE_AUTORELEASING = YES;
				CLANG_WARN_BOOL_CONVERSION = YES;
				CLANG_WARN_COMMA = YES;
				CLANG_WARN_CONSTANT_CONVERSION = YES;
				CLANG_WARN_DEPRECATED_OBJC_IMPLEMENTATIONS = YES;
				CLANG_WARN_DIRECT_OBJC_ISA_USAGE = YES_ERROR;
				CLANG_WARN_DOCUMENTATION_COMMENTS = YES;
				CLANG_WARN_EMPTY_BODY = YES;
				CLANG_WARN_ENUM_CONVERSION = YES;
				CLANG_WARN_INFINITE_RECURSION = YES;
				CLANG_WARN_INT_CONVERSION = YES;
				CLANG_WARN_NON_LITERAL_NULL_CONVERSION = YES;
				CLANG_WARN_OBJC_IMPLICIT_RETAIN_SELF = YES;
				CLANG_WARN_OBJC_LITERAL_CONVERSION = YES;
				CLANG_WARN_OBJC_ROOT_CLASS = YES_ERROR;
				CLANG_WARN_RANGE_LOOP_ANALYSIS = YES;
				CLANG_WARN_STRICT_PROTOTYPES = YES;
				CLANG_WARN_SUSPICIOUS_MOVE = YES;
				CLANG_WARN_UNGUARDED_AVAILABILITY = YES_AGGRESSIVE;
				CLANG_WARN_UNREACHABLE_CODE = YES;
				CLANG_WARN__DUPLICATE_METHOD_MATCH = YES;
				COPY_PHASE_STRIP = NO;
				DEBUG_INFORMATION_FORMAT = dwarf;
				ENABLE_STRICT_OBJC_MSGSEND = YES;
				ENABLE_TESTABILITY = YES;
				GCC_C_LANGUAGE_STANDARD = gnu11;
				GCC_DYNAMIC_NO_PIC = NO;
				GCC_NO_COMMON_BLOCKS = YES;
				GCC_OPTIMIZATION_LEVEL = 0;
				GCC_PREPROCESSOR_DEFINITIONS = (
					"DEBUG=1",
					"$(inherited)",
				);
				GCC_WARN_64_TO_32_BIT_CONVERSION = YES;
				GCC_WARN_ABOUT_RETURN_TYPE = YES_ERROR;
				GCC_WARN_UNDECLARED_SELECTOR = YES;
				GCC_WARN_UNINITIALIZED_AUTOS = YES_AGGRESSIVE;
				GCC_WARN_UNUSED_FUNCTION = YES;
				GCC_WARN_UNUSED_VARIABLE = YES;
				IPHONEOS_DEPLOYMENT_TARGET = 13.0;
				MTL_ENABLE_DEBUG_INFO = INCLUDE_SOURCE;
				MTL_FAST_MATH = YES;
				ONLY_ACTIVE_ARCH = YES;
				SDKROOT = iphoneos;
				SWIFT_ACTIVE_COMPILATION_CONDITIONS = DEBUG;
				SWIFT_OPTIMIZATION_LEVEL = "-Onone";
			};
			name = Debug;
		};
		1AC228B32529F3BD00FC7988 /* Release */ = {
			isa = XCBuildConfiguration;
			buildSettings = {
				ALWAYS_SEARCH_USER_PATHS = NO;
				CLANG_ANALYZER_NONNULL = YES;
				CLANG_ANALYZER_NUMBER_OBJECT_CONVERSION = YES_AGGRESSIVE;
				CLANG_CXX_LANGUAGE_STANDARD = "gnu++14";
				CLANG_CXX_LIBRARY = "libc++";
				CLANG_ENABLE_MODULES = YES;
				CLANG_ENABLE_OBJC_ARC = YES;
				CLANG_ENABLE_OBJC_WEAK = YES;
				CLANG_WARN_BLOCK_CAPTURE_AUTORELEASING = YES;
				CLANG_WARN_BOOL_CONVERSION = YES;
				CLANG_WARN_COMMA = YES;
				CLANG_WARN_CONSTANT_CONVERSION = YES;
				CLANG_WARN_DEPRECATED_OBJC_IMPLEMENTATIONS = YES;
				CLANG_WARN_DIRECT_OBJC_ISA_USAGE = YES_ERROR;
				CLANG_WARN_DOCUMENTATION_COMMENTS = YES;
				CLANG_WARN_EMPTY_BODY = YES;
				CLANG_WARN_ENUM_CONVERSION = YES;
				CLANG_WARN_INFINITE_RECURSION = YES;
				CLANG_WARN_INT_CONVERSION = YES;
				CLANG_WARN_NON_LITERAL_NULL_CONVERSION = YES;
				CLANG_WARN_OBJC_IMPLICIT_RETAIN_SELF = YES;
				CLANG_WARN_OBJC_LITERAL_CONVERSION = YES;
				CLANG_WARN_OBJC_ROOT_CLASS = YES_ERROR;
				CLANG_WARN_RANGE_LOOP_ANALYSIS = YES;
				CLANG_WARN_STRICT_PROTOTYPES = YES;
				CLANG_WARN_SUSPICIOUS_MOVE = YES;
				CLANG_WARN_UNGUARDED_AVAILABILITY = YES_AGGRESSIVE;
				CLANG_WARN_UNREACHABLE_CODE = YES;
				CLANG_WARN__DUPLICATE_METHOD_MATCH = YES;
				COPY_PHASE_STRIP = NO;
				DEBUG_INFORMATION_FORMAT = "dwarf-with-dsym";
				ENABLE_NS_ASSERTIONS = NO;
				ENABLE_STRICT_OBJC_MSGSEND = YES;
				GCC_C_LANGUAGE_STANDARD = gnu11;
				GCC_NO_COMMON_BLOCKS = YES;
				GCC_WARN_64_TO_32_BIT_CONVERSION = YES;
				GCC_WARN_ABOUT_RETURN_TYPE = YES_ERROR;
				GCC_WARN_UNDECLARED_SELECTOR = YES;
				GCC_WARN_UNINITIALIZED_AUTOS = YES_AGGRESSIVE;
				GCC_WARN_UNUSED_FUNCTION = YES;
				GCC_WARN_UNUSED_VARIABLE = YES;
				IPHONEOS_DEPLOYMENT_TARGET = 13.0;
				MTL_ENABLE_DEBUG_INFO = NO;
				MTL_FAST_MATH = YES;
				SDKROOT = iphoneos;
				SWIFT_COMPILATION_MODE = wholemodule;
				SWIFT_OPTIMIZATION_LEVEL = "-O";
				VALIDATE_PRODUCT = YES;
			};
			name = Release;
		};
		1AC228B52529F3BD00FC7988 /* Debug */ = {
			isa = XCBuildConfiguration;
			baseConfigurationReference = F4FA683BF365983E40F8576A /* Pods-globoplay-desafio-mobile.debug.xcconfig */;
			buildSettings = {
				ASSETCATALOG_COMPILER_APPICON_NAME = AppIcon;
				CODE_SIGN_STYLE = Automatic;
				DEVELOPMENT_TEAM = Y4W6JT86B2;
				INFOPLIST_FILE = "globoplay-desafio-mobile/Info.plist";
				LD_RUNPATH_SEARCH_PATHS = (
					"$(inherited)",
					"@executable_path/Frameworks",
				);
				PRODUCT_BUNDLE_IDENTIFIER = "com.mariela.globoplay-desafio-mobile";
				PRODUCT_NAME = "$(TARGET_NAME)";
				SWIFT_VERSION = 4.2;
				TARGETED_DEVICE_FAMILY = "1,2";
			};
			name = Debug;
		};
		1AC228B62529F3BD00FC7988 /* Release */ = {
			isa = XCBuildConfiguration;
			baseConfigurationReference = E740385840AD3E5D1CD3BF13 /* Pods-globoplay-desafio-mobile.release.xcconfig */;
			buildSettings = {
				ASSETCATALOG_COMPILER_APPICON_NAME = AppIcon;
				CODE_SIGN_STYLE = Automatic;
				DEVELOPMENT_TEAM = Y4W6JT86B2;
				INFOPLIST_FILE = "globoplay-desafio-mobile/Info.plist";
				LD_RUNPATH_SEARCH_PATHS = (
					"$(inherited)",
					"@executable_path/Frameworks",
				);
				PRODUCT_BUNDLE_IDENTIFIER = "com.mariela.globoplay-desafio-mobile";
				PRODUCT_NAME = "$(TARGET_NAME)";
				SWIFT_VERSION = 4.2;
				TARGETED_DEVICE_FAMILY = "1,2";
			};
			name = Release;
		};
		1AC228B82529F3BD00FC7988 /* Debug */ = {
			isa = XCBuildConfiguration;
			baseConfigurationReference = 887DBB79EF110FEE094F058B /* Pods-globoplay-desafio-mobile-globoplay-desafio-mobileUITests.debug.xcconfig */;
			buildSettings = {
				ALWAYS_EMBED_SWIFT_STANDARD_LIBRARIES = YES;
				CODE_SIGN_STYLE = Automatic;
				INFOPLIST_FILE = "globoplay-desafio-mobileUITests/Info.plist";
				LD_RUNPATH_SEARCH_PATHS = (
					"$(inherited)",
					"@executable_path/Frameworks",
					"@loader_path/Frameworks",
				);
				PRODUCT_BUNDLE_IDENTIFIER = "com.mariela.globoplay-desafio-mobileUITests";
				PRODUCT_NAME = "$(TARGET_NAME)";
				SWIFT_VERSION = 5.0;
				TARGETED_DEVICE_FAMILY = "1,2";
				TEST_TARGET_NAME = "globoplay-desafio-mobile";
			};
			name = Debug;
		};
		1AC228B92529F3BD00FC7988 /* Release */ = {
			isa = XCBuildConfiguration;
			baseConfigurationReference = FF96CD76EF892B94A4D6968A /* Pods-globoplay-desafio-mobile-globoplay-desafio-mobileUITests.release.xcconfig */;
			buildSettings = {
				ALWAYS_EMBED_SWIFT_STANDARD_LIBRARIES = YES;
				CODE_SIGN_STYLE = Automatic;
				INFOPLIST_FILE = "globoplay-desafio-mobileUITests/Info.plist";
				LD_RUNPATH_SEARCH_PATHS = (
					"$(inherited)",
					"@executable_path/Frameworks",
					"@loader_path/Frameworks",
				);
				PRODUCT_BUNDLE_IDENTIFIER = "com.mariela.globoplay-desafio-mobileUITests";
				PRODUCT_NAME = "$(TARGET_NAME)";
				SWIFT_VERSION = 5.0;
				TARGETED_DEVICE_FAMILY = "1,2";
				TEST_TARGET_NAME = "globoplay-desafio-mobile";
			};
			name = Release;
		};
/* End XCBuildConfiguration section */

/* Begin XCConfigurationList section */
		1AC228902529F3B100FC7988 /* Build configuration list for PBXProject "globoplay-desafio-mobile" */ = {
			isa = XCConfigurationList;
			buildConfigurations = (
				1AC228B22529F3BD00FC7988 /* Debug */,
				1AC228B32529F3BD00FC7988 /* Release */,
			);
			defaultConfigurationIsVisible = 0;
			defaultConfigurationName = Release;
		};
		1AC228B42529F3BD00FC7988 /* Build configuration list for PBXNativeTarget "globoplay-desafio-mobile" */ = {
			isa = XCConfigurationList;
			buildConfigurations = (
				1AC228B52529F3BD00FC7988 /* Debug */,
				1AC228B62529F3BD00FC7988 /* Release */,
			);
			defaultConfigurationIsVisible = 0;
			defaultConfigurationName = Release;
		};
		1AC228B72529F3BD00FC7988 /* Build configuration list for PBXNativeTarget "globoplay-desafio-mobileUITests" */ = {
			isa = XCConfigurationList;
			buildConfigurations = (
				1AC228B82529F3BD00FC7988 /* Debug */,
				1AC228B92529F3BD00FC7988 /* Release */,
			);
			defaultConfigurationIsVisible = 0;
			defaultConfigurationName = Release;
		};
/* End XCConfigurationList section */
	};
	rootObject = 1AC2288D2529F3B100FC7988 /* Project object */;
}
