// !$*UTF8*$!
{
	archiveVersion = 1;
	classes = {
	};
	objectVersion = 56;
	objects = {

/* Begin PBXBuildFile section */
		6F0D2EC22A7189C000877326 /* DesafioGloboplayApp.swift in Sources */ = {isa = PBXBuildFile; fileRef = 6F0D2EC12A7189C000877326 /* DesafioGloboplayApp.swift */; };
		6F0D2EC42A7189C000877326 /* Home.swift in Sources */ = {isa = PBXBuildFile; fileRef = 6F0D2EC32A7189C000877326 /* Home.swift */; };
		6F0D2EC62A7189C300877326 /* Assets.xcassets in Resources */ = {isa = PBXBuildFile; fileRef = 6F0D2EC52A7189C300877326 /* Assets.xcassets */; };
		6F0D2EC92A7189C300877326 /* Preview Assets.xcassets in Resources */ = {isa = PBXBuildFile; fileRef = 6F0D2EC82A7189C300877326 /* Preview Assets.xcassets */; };
		6F0D2ED62A718D0400877326 /* AssetsNames.swift in Sources */ = {isa = PBXBuildFile; fileRef = 6F0D2ED52A718D0400877326 /* AssetsNames.swift */; };
		6F0D2EDA2A718E6B00877326 /* MyList.swift in Sources */ = {isa = PBXBuildFile; fileRef = 6F0D2ED92A718E6B00877326 /* MyList.swift */; };
		6F0D2EDF2A71908100877326 /* AuthenticationConstants.swift in Sources */ = {isa = PBXBuildFile; fileRef = 6F0D2EDE2A71908100877326 /* AuthenticationConstants.swift */; };
		6F0D2EE22A71912700877326 /* NetworkTester.swift in Sources */ = {isa = PBXBuildFile; fileRef = 6F0D2EE12A71912700877326 /* NetworkTester.swift */; };
		6F0D2EE42A71913800877326 /* APIURLs.swift in Sources */ = {isa = PBXBuildFile; fileRef = 6F0D2EE32A71913800877326 /* APIURLs.swift */; };
		6F0D2EE82A71971F00877326 /* MoviesResults.swift in Sources */ = {isa = PBXBuildFile; fileRef = 6F0D2EE72A71971F00877326 /* MoviesResults.swift */; };
		6F0D2EEB2A71998400877326 /* HomeViewModel.swift in Sources */ = {isa = PBXBuildFile; fileRef = 6F0D2EEA2A71998400877326 /* HomeViewModel.swift */; };
		6F0D2EEE2A71B07500877326 /* HorizontalList.swift in Sources */ = {isa = PBXBuildFile; fileRef = 6F0D2EED2A71B07500877326 /* HorizontalList.swift */; };
		6F0D2EF02A71B23C00877326 /* HomeToolbar.swift in Sources */ = {isa = PBXBuildFile; fileRef = 6F0D2EEF2A71B23C00877326 /* HomeToolbar.swift */; };
		6F0D2EF22A71B63200877326 /* Details.swift in Sources */ = {isa = PBXBuildFile; fileRef = 6F0D2EF12A71B63200877326 /* Details.swift */; };
		6F0D2EF52A71B69400877326 /* ItemMock.swift in Sources */ = {isa = PBXBuildFile; fileRef = 6F0D2EF42A71B69400877326 /* ItemMock.swift */; };
		6F0D2EF82A71EFE000877326 /* DetailsTabView.swift in Sources */ = {isa = PBXBuildFile; fileRef = 6F0D2EF72A71EFE000877326 /* DetailsTabView.swift */; };
		6F0D2EFD2A71F5B800877326 /* RecommendationsTabView.swift in Sources */ = {isa = PBXBuildFile; fileRef = 6F0D2EFC2A71F5B800877326 /* RecommendationsTabView.swift */; };
		6F0D2EFF2A71F70500877326 /* CustomTabButton.swift in Sources */ = {isa = PBXBuildFile; fileRef = 6F0D2EFE2A71F70500877326 /* CustomTabButton.swift */; };
		6F0D2F032A7203C100877326 /* TVShowsResults.swift in Sources */ = {isa = PBXBuildFile; fileRef = 6F0D2F022A7203C100877326 /* TVShowsResults.swift */; };
		6F0D2F052A72085F00877326 /* Result.swift in Sources */ = {isa = PBXBuildFile; fileRef = 6F0D2F042A72085F00877326 /* Result.swift */; };
		6F25F9712A76CB8C00D1D8F6 /* Heading.swift in Sources */ = {isa = PBXBuildFile; fileRef = 6F25F9702A76CB8C00D1D8F6 /* Heading.swift */; };
		6F25F9742A76CC5600D1D8F6 /* SwiftUIConstants.swift in Sources */ = {isa = PBXBuildFile; fileRef = 6F25F9732A76CC5600D1D8F6 /* SwiftUIConstants.swift */; };
		6F2779D42A72C1F6001CD46B /* DetailsTabViewModel.swift in Sources */ = {isa = PBXBuildFile; fileRef = 6F2779D32A72C1F6001CD46B /* DetailsTabViewModel.swift */; };
		6F2779D82A72C373001CD46B /* MovieDetails.swift in Sources */ = {isa = PBXBuildFile; fileRef = 6F2779D72A72C373001CD46B /* MovieDetails.swift */; };
		6F2779DA2A72C48B001CD46B /* Credits.swift in Sources */ = {isa = PBXBuildFile; fileRef = 6F2779D92A72C48B001CD46B /* Credits.swift */; };
		6F2779DD2A72C5F5001CD46B /* TVShowDetails.swift in Sources */ = {isa = PBXBuildFile; fileRef = 6F2779DC2A72C5F5001CD46B /* TVShowDetails.swift */; };
		6F2779E12A72C826001CD46B /* ViewModel.swift in Sources */ = {isa = PBXBuildFile; fileRef = 6F2779E02A72C826001CD46B /* ViewModel.swift */; };
		6F2779E82A72F7E2001CD46B /* UINavigationController+MinimalBackAppearance.swift in Sources */ = {isa = PBXBuildFile; fileRef = 6F2779E72A72F7E2001CD46B /* UINavigationController+MinimalBackAppearance.swift */; };
		6F7CD5B02A75A1EC007AA57D /* HidableTabView in Frameworks */ = {isa = PBXBuildFile; productRef = 6F7CD5AF2A75A1EC007AA57D /* HidableTabView */; };
		6F9F76F82A76C5A300C1F84D /* SecondaryButton.swift in Sources */ = {isa = PBXBuildFile; fileRef = 6F9F76F72A76C5A300C1F84D /* SecondaryButton.swift */; };
		6FCEB4F02A75640F000AE255 /* MyListResult.swift in Sources */ = {isa = PBXBuildFile; fileRef = 6FCEB4EF2A75640F000AE255 /* MyListResult.swift */; };
		6FF0E7C32A734226007A45DC /* RecommendationsTabViewModel.swift in Sources */ = {isa = PBXBuildFile; fileRef = 6FF0E7C22A734226007A45DC /* RecommendationsTabViewModel.swift */; };
		6FF0E7C72A734568007A45DC /* PosterCell.swift in Sources */ = {isa = PBXBuildFile; fileRef = 6FF0E7C62A734568007A45DC /* PosterCell.swift */; };
		DC7D2510D6DEB965BAFD1B0B /* Pods_DesafioGloboplay.framework in Frameworks */ = {isa = PBXBuildFile; fileRef = 651910284A088D71BE1FB796 /* Pods_DesafioGloboplay.framework */; };
/* End PBXBuildFile section */

/* Begin PBXFileReference section */
		2125D9681299B75376DE70FB /* Pods-DesafioGloboplay.release.xcconfig */ = {isa = PBXFileReference; includeInIndex = 1; lastKnownFileType = text.xcconfig; name = "Pods-DesafioGloboplay.release.xcconfig"; path = "Target Support Files/Pods-DesafioGloboplay/Pods-DesafioGloboplay.release.xcconfig"; sourceTree = "<group>"; };
		651910284A088D71BE1FB796 /* Pods_DesafioGloboplay.framework */ = {isa = PBXFileReference; explicitFileType = wrapper.framework; includeInIndex = 0; path = Pods_DesafioGloboplay.framework; sourceTree = BUILT_PRODUCTS_DIR; };
		6F0D2EBE2A7189C000877326 /* DesafioGloboplay.app */ = {isa = PBXFileReference; explicitFileType = wrapper.application; includeInIndex = 0; path = DesafioGloboplay.app; sourceTree = BUILT_PRODUCTS_DIR; };
		6F0D2EC12A7189C000877326 /* DesafioGloboplayApp.swift */ = {isa = PBXFileReference; lastKnownFileType = sourcecode.swift; path = DesafioGloboplayApp.swift; sourceTree = "<group>"; };
		6F0D2EC32A7189C000877326 /* Home.swift */ = {isa = PBXFileReference; lastKnownFileType = sourcecode.swift; path = Home.swift; sourceTree = "<group>"; };
		6F0D2EC52A7189C300877326 /* Assets.xcassets */ = {isa = PBXFileReference; lastKnownFileType = folder.assetcatalog; path = Assets.xcassets; sourceTree = "<group>"; };
		6F0D2EC82A7189C300877326 /* Preview Assets.xcassets */ = {isa = PBXFileReference; lastKnownFileType = folder.assetcatalog; path = "Preview Assets.xcassets"; sourceTree = "<group>"; };
		6F0D2ED52A718D0400877326 /* AssetsNames.swift */ = {isa = PBXFileReference; lastKnownFileType = sourcecode.swift; path = AssetsNames.swift; sourceTree = "<group>"; };
		6F0D2ED92A718E6B00877326 /* MyList.swift */ = {isa = PBXFileReference; lastKnownFileType = sourcecode.swift; path = MyList.swift; sourceTree = "<group>"; };
		6F0D2EDB2A718EC400877326 /* Info.plist */ = {isa = PBXFileReference; lastKnownFileType = text.plist; path = Info.plist; sourceTree = "<group>"; };
		6F0D2EDE2A71908100877326 /* AuthenticationConstants.swift */ = {isa = PBXFileReference; lastKnownFileType = sourcecode.swift; path = AuthenticationConstants.swift; sourceTree = "<group>"; };
		6F0D2EE12A71912700877326 /* NetworkTester.swift */ = {isa = PBXFileReference; fileEncoding = 4; lastKnownFileType = sourcecode.swift; path = NetworkTester.swift; sourceTree = "<group>"; };
		6F0D2EE32A71913800877326 /* APIURLs.swift */ = {isa = PBXFileReference; lastKnownFileType = sourcecode.swift; path = APIURLs.swift; sourceTree = "<group>"; };
		6F0D2EE72A71971F00877326 /* MoviesResults.swift */ = {isa = PBXFileReference; lastKnownFileType = sourcecode.swift; path = MoviesResults.swift; sourceTree = "<group>"; };
		6F0D2EEA2A71998400877326 /* HomeViewModel.swift */ = {isa = PBXFileReference; lastKnownFileType = sourcecode.swift; path = HomeViewModel.swift; sourceTree = "<group>"; };
		6F0D2EED2A71B07500877326 /* HorizontalList.swift */ = {isa = PBXFileReference; lastKnownFileType = sourcecode.swift; path = HorizontalList.swift; sourceTree = "<group>"; };
		6F0D2EEF2A71B23C00877326 /* HomeToolbar.swift */ = {isa = PBXFileReference; lastKnownFileType = sourcecode.swift; path = HomeToolbar.swift; sourceTree = "<group>"; };
		6F0D2EF12A71B63200877326 /* Details.swift */ = {isa = PBXFileReference; lastKnownFileType = sourcecode.swift; path = Details.swift; sourceTree = "<group>"; };
		6F0D2EF42A71B69400877326 /* ItemMock.swift */ = {isa = PBXFileReference; lastKnownFileType = sourcecode.swift; path = ItemMock.swift; sourceTree = "<group>"; };
		6F0D2EF72A71EFE000877326 /* DetailsTabView.swift */ = {isa = PBXFileReference; lastKnownFileType = sourcecode.swift; path = DetailsTabView.swift; sourceTree = "<group>"; };
		6F0D2EFC2A71F5B800877326 /* RecommendationsTabView.swift */ = {isa = PBXFileReference; lastKnownFileType = sourcecode.swift; path = RecommendationsTabView.swift; sourceTree = "<group>"; };
		6F0D2EFE2A71F70500877326 /* CustomTabButton.swift */ = {isa = PBXFileReference; lastKnownFileType = sourcecode.swift; path = CustomTabButton.swift; sourceTree = "<group>"; };
		6F0D2F022A7203C100877326 /* TVShowsResults.swift */ = {isa = PBXFileReference; lastKnownFileType = sourcecode.swift; path = TVShowsResults.swift; sourceTree = "<group>"; };
		6F0D2F042A72085F00877326 /* Result.swift */ = {isa = PBXFileReference; lastKnownFileType = sourcecode.swift; path = Result.swift; sourceTree = "<group>"; };
		6F25F9702A76CB8C00D1D8F6 /* Heading.swift */ = {isa = PBXFileReference; lastKnownFileType = sourcecode.swift; path = Heading.swift; sourceTree = "<group>"; };
		6F25F9732A76CC5600D1D8F6 /* SwiftUIConstants.swift */ = {isa = PBXFileReference; lastKnownFileType = sourcecode.swift; path = SwiftUIConstants.swift; sourceTree = "<group>"; };
		6F2779D32A72C1F6001CD46B /* DetailsTabViewModel.swift */ = {isa = PBXFileReference; lastKnownFileType = sourcecode.swift; path = DetailsTabViewModel.swift; sourceTree = "<group>"; };
		6F2779D72A72C373001CD46B /* MovieDetails.swift */ = {isa = PBXFileReference; lastKnownFileType = sourcecode.swift; path = MovieDetails.swift; sourceTree = "<group>"; };
		6F2779D92A72C48B001CD46B /* Credits.swift */ = {isa = PBXFileReference; lastKnownFileType = sourcecode.swift; path = Credits.swift; sourceTree = "<group>"; };
		6F2779DC2A72C5F5001CD46B /* TVShowDetails.swift */ = {isa = PBXFileReference; lastKnownFileType = sourcecode.swift; path = TVShowDetails.swift; sourceTree = "<group>"; };
		6F2779E02A72C826001CD46B /* ViewModel.swift */ = {isa = PBXFileReference; lastKnownFileType = sourcecode.swift; path = ViewModel.swift; sourceTree = "<group>"; };
		6F2779E72A72F7E2001CD46B /* UINavigationController+MinimalBackAppearance.swift */ = {isa = PBXFileReference; lastKnownFileType = sourcecode.swift; path = "UINavigationController+MinimalBackAppearance.swift"; sourceTree = "<group>"; };
		6F9F76F72A76C5A300C1F84D /* SecondaryButton.swift */ = {isa = PBXFileReference; lastKnownFileType = sourcecode.swift; path = SecondaryButton.swift; sourceTree = "<group>"; };
		6FCEB4EF2A75640F000AE255 /* MyListResult.swift */ = {isa = PBXFileReference; lastKnownFileType = sourcecode.swift; path = MyListResult.swift; sourceTree = "<group>"; };
		6FF0E7C22A734226007A45DC /* RecommendationsTabViewModel.swift */ = {isa = PBXFileReference; lastKnownFileType = sourcecode.swift; path = RecommendationsTabViewModel.swift; sourceTree = "<group>"; };
		6FF0E7C62A734568007A45DC /* PosterCell.swift */ = {isa = PBXFileReference; lastKnownFileType = sourcecode.swift; path = PosterCell.swift; sourceTree = "<group>"; };
		E9A2AC64B47C3352FE8452C1 /* Pods-DesafioGloboplay.debug.xcconfig */ = {isa = PBXFileReference; includeInIndex = 1; lastKnownFileType = text.xcconfig; name = "Pods-DesafioGloboplay.debug.xcconfig"; path = "Target Support Files/Pods-DesafioGloboplay/Pods-DesafioGloboplay.debug.xcconfig"; sourceTree = "<group>"; };
/* End PBXFileReference section */

/* Begin PBXFrameworksBuildPhase section */
		6F0D2EBB2A7189C000877326 /* Frameworks */ = {
			isa = PBXFrameworksBuildPhase;
			buildActionMask = 2147483647;
			files = (
				DC7D2510D6DEB965BAFD1B0B /* Pods_DesafioGloboplay.framework in Frameworks */,
				6F7CD5B02A75A1EC007AA57D /* HidableTabView in Frameworks */,
			);
			runOnlyForDeploymentPostprocessing = 0;
		};
/* End PBXFrameworksBuildPhase section */

/* Begin PBXGroup section */
		6F0D2EB52A7189C000877326 = {
			isa = PBXGroup;
			children = (
				6F0D2EC02A7189C000877326 /* DesafioGloboplay */,
				6F0D2EBF2A7189C000877326 /* Products */,
				B397C19913D1E51C11098B0E /* Pods */,
				F9081A2012ED9A728F142A5E /* Frameworks */,
			);
			sourceTree = "<group>";
		};
		6F0D2EBF2A7189C000877326 /* Products */ = {
			isa = PBXGroup;
			children = (
				6F0D2EBE2A7189C000877326 /* DesafioGloboplay.app */,
			);
			name = Products;
			sourceTree = "<group>";
		};
		6F0D2EC02A7189C000877326 /* DesafioGloboplay */ = {
			isa = PBXGroup;
			children = (
				6F2779E22A72D377001CD46B /* Helpers */,
				6F2779DE2A72C811001CD46B /* Protocols */,
				6F0D2EF32A71B68000877326 /* Mocks */,
				6F0D2EDB2A718EC400877326 /* Info.plist */,
				6F0D2EE02A71911A00877326 /* Network */,
				6F0D2EDD2A718F4400877326 /* Models */,
				6F0D2ED42A718CEF00877326 /* Constants */,
				6F0D2ECF2A7189D200877326 /* Screens */,
				6F0D2EC12A7189C000877326 /* DesafioGloboplayApp.swift */,
				6F0D2EC52A7189C300877326 /* Assets.xcassets */,
				6F0D2EC72A7189C300877326 /* Preview Content */,
			);
			path = DesafioGloboplay;
			sourceTree = "<group>";
		};
		6F0D2EC72A7189C300877326 /* Preview Content */ = {
			isa = PBXGroup;
			children = (
				6F0D2EC82A7189C300877326 /* Preview Assets.xcassets */,
			);
			path = "Preview Content";
			sourceTree = "<group>";
		};
		6F0D2ECF2A7189D200877326 /* Screens */ = {
			isa = PBXGroup;
			children = (
				6F0D2ED82A718E5900877326 /* Details */,
				6F0D2ED72A718E4C00877326 /* MyList */,
				6F0D2ED02A718A1000877326 /* Home */,
			);
			path = Screens;
			sourceTree = "<group>";
		};
		6F0D2ED02A718A1000877326 /* Home */ = {
			isa = PBXGroup;
			children = (
				6F0D2EEC2A71B06300877326 /* Components */,
				6F0D2EE92A71997800877326 /* ViewModel */,
				6F0D2EC32A7189C000877326 /* Home.swift */,
			);
			path = Home;
			sourceTree = "<group>";
		};
		6F0D2ED42A718CEF00877326 /* Constants */ = {
			isa = PBXGroup;
			children = (
				6F0D2ED52A718D0400877326 /* AssetsNames.swift */,
				6F0D2EDE2A71908100877326 /* AuthenticationConstants.swift */,
				6F25F9732A76CC5600D1D8F6 /* SwiftUIConstants.swift */,
			);
			path = Constants;
			sourceTree = "<group>";
		};
		6F0D2ED72A718E4C00877326 /* MyList */ = {
			isa = PBXGroup;
			children = (
				6F0D2EDC2A718F2E00877326 /* ViewModel */,
				6F0D2ED92A718E6B00877326 /* MyList.swift */,
			);
			path = MyList;
			sourceTree = "<group>";
		};
		6F0D2ED82A718E5900877326 /* Details */ = {
			isa = PBXGroup;
			children = (
				6F2779D22A72C1E2001CD46B /* ViewModel */,
				6F0D2EF62A71EFC900877326 /* Components */,
				6F0D2EF12A71B63200877326 /* Details.swift */,
			);
			path = Details;
			sourceTree = "<group>";
		};
		6F0D2EDC2A718F2E00877326 /* ViewModel */ = {
			isa = PBXGroup;
			children = (
			);
			path = ViewModel;
			sourceTree = "<group>";
		};
		6F0D2EDD2A718F4400877326 /* Models */ = {
			isa = PBXGroup;
			children = (
				6FCEB4EE2A7563F6000AE255 /* MyList */,
				6F2779D62A72C244001CD46B /* Details */,
				6F2779D52A72C23B001CD46B /* Home */,
			);
			path = Models;
			sourceTree = "<group>";
		};
		6F0D2EE02A71911A00877326 /* Network */ = {
			isa = PBXGroup;
			children = (
				6F0D2EE12A71912700877326 /* NetworkTester.swift */,
				6F0D2EE32A71913800877326 /* APIURLs.swift */,
			);
			path = Network;
			sourceTree = "<group>";
		};
		6F0D2EE92A71997800877326 /* ViewModel */ = {
			isa = PBXGroup;
			children = (
				6F0D2EEA2A71998400877326 /* HomeViewModel.swift */,
			);
			path = ViewModel;
			sourceTree = "<group>";
		};
		6F0D2EEC2A71B06300877326 /* Components */ = {
			isa = PBXGroup;
			children = (
				6F0D2EED2A71B07500877326 /* HorizontalList.swift */,
				6F0D2EEF2A71B23C00877326 /* HomeToolbar.swift */,
				6FF0E7C62A734568007A45DC /* PosterCell.swift */,
				6F25F9702A76CB8C00D1D8F6 /* Heading.swift */,
			);
			path = Components;
			sourceTree = "<group>";
		};
		6F0D2EF32A71B68000877326 /* Mocks */ = {
			isa = PBXGroup;
			children = (
				6F0D2EF42A71B69400877326 /* ItemMock.swift */,
			);
			path = Mocks;
			sourceTree = "<group>";
		};
		6F0D2EF62A71EFC900877326 /* Components */ = {
			isa = PBXGroup;
			children = (
				6F0D2EF72A71EFE000877326 /* DetailsTabView.swift */,
				6F0D2EFC2A71F5B800877326 /* RecommendationsTabView.swift */,
				6F0D2EFE2A71F70500877326 /* CustomTabButton.swift */,
				6F9F76F72A76C5A300C1F84D /* SecondaryButton.swift */,
			);
			path = Components;
			sourceTree = "<group>";
		};
		6F2779D22A72C1E2001CD46B /* ViewModel */ = {
			isa = PBXGroup;
			children = (
				6F2779D32A72C1F6001CD46B /* DetailsTabViewModel.swift */,
				6FF0E7C22A734226007A45DC /* RecommendationsTabViewModel.swift */,
			);
			path = ViewModel;
			sourceTree = "<group>";
		};
		6F2779D52A72C23B001CD46B /* Home */ = {
			isa = PBXGroup;
			children = (
				6F0D2EE72A71971F00877326 /* MoviesResults.swift */,
				6F0D2F022A7203C100877326 /* TVShowsResults.swift */,
				6F0D2F042A72085F00877326 /* Result.swift */,
			);
			path = Home;
			sourceTree = "<group>";
		};
		6F2779D62A72C244001CD46B /* Details */ = {
			isa = PBXGroup;
			children = (
				6F2779D72A72C373001CD46B /* MovieDetails.swift */,
				6F2779D92A72C48B001CD46B /* Credits.swift */,
				6F2779DC2A72C5F5001CD46B /* TVShowDetails.swift */,
			);
			path = Details;
			sourceTree = "<group>";
		};
		6F2779DE2A72C811001CD46B /* Protocols */ = {
			isa = PBXGroup;
			children = (
				6F2779DF2A72C81A001CD46B /* ViewModel */,
			);
			path = Protocols;
			sourceTree = "<group>";
		};
		6F2779DF2A72C81A001CD46B /* ViewModel */ = {
			isa = PBXGroup;
			children = (
				6F2779E02A72C826001CD46B /* ViewModel.swift */,
			);
			path = ViewModel;
			sourceTree = "<group>";
		};
		6F2779E22A72D377001CD46B /* Helpers */ = {
			isa = PBXGroup;
			children = (
				6F2779E72A72F7E2001CD46B /* UINavigationController+MinimalBackAppearance.swift */,
			);
			path = Helpers;
			sourceTree = "<group>";
		};
		6FCEB4EE2A7563F6000AE255 /* MyList */ = {
			isa = PBXGroup;
			children = (
				6FCEB4EF2A75640F000AE255 /* MyListResult.swift */,
			);
			path = MyList;
			sourceTree = "<group>";
		};
		B397C19913D1E51C11098B0E /* Pods */ = {
			isa = PBXGroup;
			children = (
				E9A2AC64B47C3352FE8452C1 /* Pods-DesafioGloboplay.debug.xcconfig */,
				2125D9681299B75376DE70FB /* Pods-DesafioGloboplay.release.xcconfig */,
			);
			path = Pods;
			sourceTree = "<group>";
		};
		F9081A2012ED9A728F142A5E /* Frameworks */ = {
			isa = PBXGroup;
			children = (
				651910284A088D71BE1FB796 /* Pods_DesafioGloboplay.framework */,
			);
			name = Frameworks;
			sourceTree = "<group>";
		};
/* End PBXGroup section */

/* Begin PBXNativeTarget section */
		6F0D2EBD2A7189C000877326 /* DesafioGloboplay */ = {
			isa = PBXNativeTarget;
			buildConfigurationList = 6F0D2ECC2A7189C300877326 /* Build configuration list for PBXNativeTarget "DesafioGloboplay" */;
			buildPhases = (
				9AD70C996FABB31859484D4C /* [CP] Check Pods Manifest.lock */,
				6F0D2EBA2A7189C000877326 /* Sources */,
				6F0D2EBB2A7189C000877326 /* Frameworks */,
				6F0D2EBC2A7189C000877326 /* Resources */,
				41A50521F9C776659AE075BE /* [CP] Embed Pods Frameworks */,
			);
			buildRules = (
			);
			dependencies = (
			);
			name = DesafioGloboplay;
			packageProductDependencies = (
				6F7CD5AF2A75A1EC007AA57D /* HidableTabView */,
			);
			productName = DesafioGloboplay;
			productReference = 6F0D2EBE2A7189C000877326 /* DesafioGloboplay.app */;
			productType = "com.apple.product-type.application";
		};
/* End PBXNativeTarget section */

/* Begin PBXProject section */
		6F0D2EB62A7189C000877326 /* Project object */ = {
			isa = PBXProject;
			attributes = {
				BuildIndependentTargetsInParallel = 1;
				LastSwiftUpdateCheck = 1500;
				LastUpgradeCheck = 1500;
				TargetAttributes = {
					6F0D2EBD2A7189C000877326 = {
						CreatedOnToolsVersion = 15.0;
					};
				};
			};
			buildConfigurationList = 6F0D2EB92A7189C000877326 /* Build configuration list for PBXProject "DesafioGloboplay" */;
			compatibilityVersion = "Xcode 14.0";
			developmentRegion = en;
			hasScannedForEncodings = 0;
			knownRegions = (
				en,
				Base,
			);
			mainGroup = 6F0D2EB52A7189C000877326;
			packageReferences = (
				6F7CD5AE2A75A1EC007AA57D /* XCRemoteSwiftPackageReference "HidableTabView-SwiftUI" */,
			);
			productRefGroup = 6F0D2EBF2A7189C000877326 /* Products */;
			projectDirPath = "";
			projectRoot = "";
			targets = (
				6F0D2EBD2A7189C000877326 /* DesafioGloboplay */,
			);
		};
/* End PBXProject section */

/* Begin PBXResourcesBuildPhase section */
		6F0D2EBC2A7189C000877326 /* Resources */ = {
			isa = PBXResourcesBuildPhase;
			buildActionMask = 2147483647;
			files = (
				6F0D2EC92A7189C300877326 /* Preview Assets.xcassets in Resources */,
				6F0D2EC62A7189C300877326 /* Assets.xcassets in Resources */,
			);
			runOnlyForDeploymentPostprocessing = 0;
		};
/* End PBXResourcesBuildPhase section */

/* Begin PBXShellScriptBuildPhase section */
		41A50521F9C776659AE075BE /* [CP] Embed Pods Frameworks */ = {
			isa = PBXShellScriptBuildPhase;
			buildActionMask = 2147483647;
			files = (
			);
			inputFileListPaths = (
				"${PODS_ROOT}/Target Support Files/Pods-DesafioGloboplay/Pods-DesafioGloboplay-frameworks-${CONFIGURATION}-input-files.xcfilelist",
			);
			name = "[CP] Embed Pods Frameworks";
			outputFileListPaths = (
				"${PODS_ROOT}/Target Support Files/Pods-DesafioGloboplay/Pods-DesafioGloboplay-frameworks-${CONFIGURATION}-output-files.xcfilelist",
			);
			runOnlyForDeploymentPostprocessing = 0;
			shellPath = /bin/sh;
			shellScript = "\"${PODS_ROOT}/Target Support Files/Pods-DesafioGloboplay/Pods-DesafioGloboplay-frameworks.sh\"\n";
			showEnvVarsInLog = 0;
		};
		9AD70C996FABB31859484D4C /* [CP] Check Pods Manifest.lock */ = {
			isa = PBXShellScriptBuildPhase;
			buildActionMask = 2147483647;
			files = (
			);
			inputFileListPaths = (
			);
			inputPaths = (
				"${PODS_PODFILE_DIR_PATH}/Podfile.lock",
				"${PODS_ROOT}/Manifest.lock",
			);
			name = "[CP] Check Pods Manifest.lock";
			outputFileListPaths = (
			);
			outputPaths = (
				"$(DERIVED_FILE_DIR)/Pods-DesafioGloboplay-checkManifestLockResult.txt",
			);
			runOnlyForDeploymentPostprocessing = 0;
			shellPath = /bin/sh;
			shellScript = "diff \"${PODS_PODFILE_DIR_PATH}/Podfile.lock\" \"${PODS_ROOT}/Manifest.lock\" > /dev/null\nif [ $? != 0 ] ; then\n    # print error to STDERR\n    echo \"error: The sandbox is not in sync with the Podfile.lock. Run 'pod install' or update your CocoaPods installation.\" >&2\n    exit 1\nfi\n# This output is used by Xcode 'outputs' to avoid re-running this script phase.\necho \"SUCCESS\" > \"${SCRIPT_OUTPUT_FILE_0}\"\n";
			showEnvVarsInLog = 0;
		};
/* End PBXShellScriptBuildPhase section */

/* Begin PBXSourcesBuildPhase section */
		6F0D2EBA2A7189C000877326 /* Sources */ = {
			isa = PBXSourcesBuildPhase;
			buildActionMask = 2147483647;
			files = (
				6F0D2EF02A71B23C00877326 /* HomeToolbar.swift in Sources */,
				6F0D2F032A7203C100877326 /* TVShowsResults.swift in Sources */,
				6FF0E7C32A734226007A45DC /* RecommendationsTabViewModel.swift in Sources */,
				6FCEB4F02A75640F000AE255 /* MyListResult.swift in Sources */,
				6F0D2F052A72085F00877326 /* Result.swift in Sources */,
				6F2779DA2A72C48B001CD46B /* Credits.swift in Sources */,
				6F2779D82A72C373001CD46B /* MovieDetails.swift in Sources */,
				6F2779E12A72C826001CD46B /* ViewModel.swift in Sources */,
				6F0D2EFD2A71F5B800877326 /* RecommendationsTabView.swift in Sources */,
				6F0D2EE42A71913800877326 /* APIURLs.swift in Sources */,
				6F0D2EFF2A71F70500877326 /* CustomTabButton.swift in Sources */,
				6F0D2EC42A7189C000877326 /* Home.swift in Sources */,
				6F0D2EC22A7189C000877326 /* DesafioGloboplayApp.swift in Sources */,
				6F2779E82A72F7E2001CD46B /* UINavigationController+MinimalBackAppearance.swift in Sources */,
				6F0D2EF52A71B69400877326 /* ItemMock.swift in Sources */,
				6F25F9742A76CC5600D1D8F6 /* SwiftUIConstants.swift in Sources */,
				6F0D2EEB2A71998400877326 /* HomeViewModel.swift in Sources */,
				6F0D2EE22A71912700877326 /* NetworkTester.swift in Sources */,
				6F2779D42A72C1F6001CD46B /* DetailsTabViewModel.swift in Sources */,
				6F0D2EE82A71971F00877326 /* MoviesResults.swift in Sources */,
				6FF0E7C72A734568007A45DC /* PosterCell.swift in Sources */,
				6F0D2EF82A71EFE000877326 /* DetailsTabView.swift in Sources */,
				6F0D2EF22A71B63200877326 /* Details.swift in Sources */,
				6F0D2ED62A718D0400877326 /* AssetsNames.swift in Sources */,
				6F0D2EDA2A718E6B00877326 /* MyList.swift in Sources */,
				6F9F76F82A76C5A300C1F84D /* SecondaryButton.swift in Sources */,
				6F0D2EEE2A71B07500877326 /* HorizontalList.swift in Sources */,
				6F0D2EDF2A71908100877326 /* AuthenticationConstants.swift in Sources */,
				6F25F9712A76CB8C00D1D8F6 /* Heading.swift in Sources */,
				6F2779DD2A72C5F5001CD46B /* TVShowDetails.swift in Sources */,
			);
			runOnlyForDeploymentPostprocessing = 0;
		};
/* End PBXSourcesBuildPhase section */

/* Begin XCBuildConfiguration section */
		6F0D2ECA2A7189C300877326 /* Debug */ = {
			isa = XCBuildConfiguration;
			buildSettings = {
				ALWAYS_SEARCH_USER_PATHS = NO;
				ASSETCATALOG_COMPILER_GENERATE_SWIFT_ASSET_SYMBOL_EXTENSIONS = YES;
				CLANG_ANALYZER_NONNULL = YES;
				CLANG_ANALYZER_NUMBER_OBJECT_CONVERSION = YES_AGGRESSIVE;
				CLANG_CXX_LANGUAGE_STANDARD = "gnu++20";
				CLANG_ENABLE_MODULES = YES;
				CLANG_ENABLE_OBJC_ARC = YES;
				CLANG_ENABLE_OBJC_WEAK = YES;
				CLANG_WARN_BLOCK_CAPTURE_AUTORELEASING = YES;
				CLANG_WARN_BOOL_CONVERSION = YES;
				CLANG_WARN_COMMA = YES;
				CLANG_WARN_CONSTANT_CONVERSION = YES;
				CLANG_WARN_DEPRECATED_OBJC_IMPLEMENTATIONS = YES;
				CLANG_WARN_DIRECT_OBJC_ISA_USAGE = YES_ERROR;
				CLANG_WARN_DOCUMENTATION_COMMENTS = YES;
				CLANG_WARN_EMPTY_BODY = YES;
				CLANG_WARN_ENUM_CONVERSION = YES;
				CLANG_WARN_INFINITE_RECURSION = YES;
				CLANG_WARN_INT_CONVERSION = YES;
				CLANG_WARN_NON_LITERAL_NULL_CONVERSION = YES;
				CLANG_WARN_OBJC_IMPLICIT_RETAIN_SELF = YES;
				CLANG_WARN_OBJC_LITERAL_CONVERSION = YES;
				CLANG_WARN_OBJC_ROOT_CLASS = YES_ERROR;
				CLANG_WARN_QUOTED_INCLUDE_IN_FRAMEWORK_HEADER = YES;
				CLANG_WARN_RANGE_LOOP_ANALYSIS = YES;
				CLANG_WARN_STRICT_PROTOTYPES = YES;
				CLANG_WARN_SUSPICIOUS_MOVE = YES;
				CLANG_WARN_UNGUARDED_AVAILABILITY = YES_AGGRESSIVE;
				CLANG_WARN_UNREACHABLE_CODE = YES;
				CLANG_WARN__DUPLICATE_METHOD_MATCH = YES;
				COPY_PHASE_STRIP = NO;
				DEBUG_INFORMATION_FORMAT = dwarf;
				ENABLE_STRICT_OBJC_MSGSEND = YES;
				ENABLE_TESTABILITY = YES;
				ENABLE_USER_SCRIPT_SANDBOXING = YES;
				GCC_C_LANGUAGE_STANDARD = gnu17;
				GCC_DYNAMIC_NO_PIC = NO;
				GCC_NO_COMMON_BLOCKS = YES;
				GCC_OPTIMIZATION_LEVEL = 0;
				GCC_PREPROCESSOR_DEFINITIONS = (
					"DEBUG=1",
					"$(inherited)",
				);
				GCC_WARN_64_TO_32_BIT_CONVERSION = YES;
				GCC_WARN_ABOUT_RETURN_TYPE = YES_ERROR;
				GCC_WARN_UNDECLARED_SELECTOR = YES;
				GCC_WARN_UNINITIALIZED_AUTOS = YES_AGGRESSIVE;
				GCC_WARN_UNUSED_FUNCTION = YES;
				GCC_WARN_UNUSED_VARIABLE = YES;
				IPHONEOS_DEPLOYMENT_TARGET = 17.0;
				LOCALIZATION_PREFERS_STRING_CATALOGS = YES;
				MTL_ENABLE_DEBUG_INFO = INCLUDE_SOURCE;
				MTL_FAST_MATH = YES;
				ONLY_ACTIVE_ARCH = YES;
				SDKROOT = iphoneos;
				SWIFT_ACTIVE_COMPILATION_CONDITIONS = "DEBUG $(inherited)";
				SWIFT_OPTIMIZATION_LEVEL = "-Onone";
			};
			name = Debug;
		};
		6F0D2ECB2A7189C300877326 /* Release */ = {
			isa = XCBuildConfiguration;
			buildSettings = {
				ALWAYS_SEARCH_USER_PATHS = NO;
				ASSETCATALOG_COMPILER_GENERATE_SWIFT_ASSET_SYMBOL_EXTENSIONS = YES;
				CLANG_ANALYZER_NONNULL = YES;
				CLANG_ANALYZER_NUMBER_OBJECT_CONVERSION = YES_AGGRESSIVE;
				CLANG_CXX_LANGUAGE_STANDARD = "gnu++20";
				CLANG_ENABLE_MODULES = YES;
				CLANG_ENABLE_OBJC_ARC = YES;
				CLANG_ENABLE_OBJC_WEAK = YES;
				CLANG_WARN_BLOCK_CAPTURE_AUTORELEASING = YES;
				CLANG_WARN_BOOL_CONVERSION = YES;
				CLANG_WARN_COMMA = YES;
				CLANG_WARN_CONSTANT_CONVERSION = YES;
				CLANG_WARN_DEPRECATED_OBJC_IMPLEMENTATIONS = YES;
				CLANG_WARN_DIRECT_OBJC_ISA_USAGE = YES_ERROR;
				CLANG_WARN_DOCUMENTATION_COMMENTS = YES;
				CLANG_WARN_EMPTY_BODY = YES;
				CLANG_WARN_ENUM_CONVERSION = YES;
				CLANG_WARN_INFINITE_RECURSION = YES;
				CLANG_WARN_INT_CONVERSION = YES;
				CLANG_WARN_NON_LITERAL_NULL_CONVERSION = YES;
				CLANG_WARN_OBJC_IMPLICIT_RETAIN_SELF = YES;
				CLANG_WARN_OBJC_LITERAL_CONVERSION = YES;
				CLANG_WARN_OBJC_ROOT_CLASS = YES_ERROR;
				CLANG_WARN_QUOTED_INCLUDE_IN_FRAMEWORK_HEADER = YES;
				CLANG_WARN_RANGE_LOOP_ANALYSIS = YES;
				CLANG_WARN_STRICT_PROTOTYPES = YES;
				CLANG_WARN_SUSPICIOUS_MOVE = YES;
				CLANG_WARN_UNGUARDED_AVAILABILITY = YES_AGGRESSIVE;
				CLANG_WARN_UNREACHABLE_CODE = YES;
				CLANG_WARN__DUPLICATE_METHOD_MATCH = YES;
				COPY_PHASE_STRIP = NO;
				DEBUG_INFORMATION_FORMAT = "dwarf-with-dsym";
				ENABLE_NS_ASSERTIONS = NO;
				ENABLE_STRICT_OBJC_MSGSEND = YES;
				ENABLE_USER_SCRIPT_SANDBOXING = YES;
				GCC_C_LANGUAGE_STANDARD = gnu17;
				GCC_NO_COMMON_BLOCKS = YES;
				GCC_WARN_64_TO_32_BIT_CONVERSION = YES;
				GCC_WARN_ABOUT_RETURN_TYPE = YES_ERROR;
				GCC_WARN_UNDECLARED_SELECTOR = YES;
				GCC_WARN_UNINITIALIZED_AUTOS = YES_AGGRESSIVE;
				GCC_WARN_UNUSED_FUNCTION = YES;
				GCC_WARN_UNUSED_VARIABLE = YES;
				IPHONEOS_DEPLOYMENT_TARGET = 17.0;
				LOCALIZATION_PREFERS_STRING_CATALOGS = YES;
				MTL_ENABLE_DEBUG_INFO = NO;
				MTL_FAST_MATH = YES;
				SDKROOT = iphoneos;
				SWIFT_COMPILATION_MODE = wholemodule;
				VALIDATE_PRODUCT = YES;
			};
			name = Release;
		};
		6F0D2ECD2A7189C300877326 /* Debug */ = {
			isa = XCBuildConfiguration;
			baseConfigurationReference = E9A2AC64B47C3352FE8452C1 /* Pods-DesafioGloboplay.debug.xcconfig */;
			buildSettings = {
				ASSETCATALOG_COMPILER_APPICON_NAME = AppIcon;
				ASSETCATALOG_COMPILER_GLOBAL_ACCENT_COLOR_NAME = AccentColor;
				CODE_SIGN_STYLE = Automatic;
				CURRENT_PROJECT_VERSION = 1;
				DEVELOPMENT_ASSET_PATHS = "\"DesafioGloboplay/Preview Content\"";
				DEVELOPMENT_TEAM = TQ452L5YSH;
				ENABLE_PREVIEWS = YES;
				ENABLE_USER_SCRIPT_SANDBOXING = NO;
				GENERATE_INFOPLIST_FILE = YES;
				INFOPLIST_FILE = DesafioGloboplay/Info.plist;
				INFOPLIST_KEY_UIApplicationSceneManifest_Generation = YES;
				INFOPLIST_KEY_UIApplicationSupportsIndirectInputEvents = YES;
				INFOPLIST_KEY_UISupportedInterfaceOrientations_iPhone = "UIInterfaceOrientationPortrait UIInterfaceOrientationLandscapeLeft UIInterfaceOrientationLandscapeRight";
				INFOPLIST_KEY_UIUserInterfaceStyle = Dark;
				IPHONEOS_DEPLOYMENT_TARGET = 15.0;
				LD_RUNPATH_SEARCH_PATHS = (
					"$(inherited)",
					"@executable_path/Frameworks",
				);
				MARKETING_VERSION = 1.0;
				PRODUCT_BUNDLE_IDENTIFIER = com.thalles.teste.DesafioGloboplay;
				PRODUCT_NAME = "$(TARGET_NAME)";
				SWIFT_EMIT_LOC_STRINGS = YES;
				SWIFT_VERSION = 5.0;
				TARGETED_DEVICE_FAMILY = "1,2";
			};
			name = Debug;
		};
		6F0D2ECE2A7189C300877326 /* Release */ = {
			isa = XCBuildConfiguration;
			baseConfigurationReference = 2125D9681299B75376DE70FB /* Pods-DesafioGloboplay.release.xcconfig */;
			buildSettings = {
				ASSETCATALOG_COMPILER_APPICON_NAME = AppIcon;
				ASSETCATALOG_COMPILER_GLOBAL_ACCENT_COLOR_NAME = AccentColor;
				CODE_SIGN_STYLE = Automatic;
				CURRENT_PROJECT_VERSION = 1;
				DEVELOPMENT_ASSET_PATHS = "\"DesafioGloboplay/Preview Content\"";
				DEVELOPMENT_TEAM = TQ452L5YSH;
				ENABLE_PREVIEWS = YES;
				ENABLE_USER_SCRIPT_SANDBOXING = NO;
				GENERATE_INFOPLIST_FILE = YES;
				INFOPLIST_FILE = DesafioGloboplay/Info.plist;
				INFOPLIST_KEY_UIApplicationSceneManifest_Generation = YES;
				INFOPLIST_KEY_UIApplicationSupportsIndirectInputEvents = YES;
				INFOPLIST_KEY_UISupportedInterfaceOrientations_iPhone = "UIInterfaceOrientationPortrait UIInterfaceOrientationLandscapeLeft UIInterfaceOrientationLandscapeRight";
				INFOPLIST_KEY_UIUserInterfaceStyle = Dark;
				IPHONEOS_DEPLOYMENT_TARGET = 15.0;
				LD_RUNPATH_SEARCH_PATHS = (
					"$(inherited)",
					"@executable_path/Frameworks",
				);
				MARKETING_VERSION = 1.0;
				PRODUCT_BUNDLE_IDENTIFIER = com.thalles.teste.DesafioGloboplay;
				PRODUCT_NAME = "$(TARGET_NAME)";
				SWIFT_EMIT_LOC_STRINGS = YES;
				SWIFT_VERSION = 5.0;
				TARGETED_DEVICE_FAMILY = "1,2";
			};
			name = Release;
		};
/* End XCBuildConfiguration section */

/* Begin XCConfigurationList section */
		6F0D2EB92A7189C000877326 /* Build configuration list for PBXProject "DesafioGloboplay" */ = {
			isa = XCConfigurationList;
			buildConfigurations = (
				6F0D2ECA2A7189C300877326 /* Debug */,
				6F0D2ECB2A7189C300877326 /* Release */,
			);
			defaultConfigurationIsVisible = 0;
			defaultConfigurationName = Release;
		};
		6F0D2ECC2A7189C300877326 /* Build configuration list for PBXNativeTarget "DesafioGloboplay" */ = {
			isa = XCConfigurationList;
			buildConfigurations = (
				6F0D2ECD2A7189C300877326 /* Debug */,
				6F0D2ECE2A7189C300877326 /* Release */,
			);
			defaultConfigurationIsVisible = 0;
			defaultConfigurationName = Release;
		};
/* End XCConfigurationList section */

/* Begin XCRemoteSwiftPackageReference section */
		6F7CD5AE2A75A1EC007AA57D /* XCRemoteSwiftPackageReference "HidableTabView-SwiftUI" */ = {
			isa = XCRemoteSwiftPackageReference;
			repositoryURL = "https://github.com/AliMert/HidableTabView-SwiftUI.git";
			requirement = {
				kind = upToNextMajorVersion;
				minimumVersion = 1.0.1;
			};
		};
/* End XCRemoteSwiftPackageReference section */

/* Begin XCSwiftPackageProductDependency section */
		6F7CD5AF2A75A1EC007AA57D /* HidableTabView */ = {
			isa = XCSwiftPackageProductDependency;
			package = 6F7CD5AE2A75A1EC007AA57D /* XCRemoteSwiftPackageReference "HidableTabView-SwiftUI" */;
			productName = HidableTabView;
		};
/* End XCSwiftPackageProductDependency section */
	};
	rootObject = 6F0D2EB62A7189C000877326 /* Project object */;
}
