{
  "object": {
    "pins": [
      {
        "package": "TinyNetworking",
        "repositoryURL": "https://github.com/objcio/tiny-networking.git",
        "state": {
          "branch": null,
          "revision": "15a416c762e2a91f9eac73b3fbe55adf571c3aba",
          "version": "0.4.0"
        }
      }
    ]
  },
  "version": 1
}
